
Microsoft Visual Studio Solution File, Format Version 12.00
# Visual Studio Version 17
VisualStudioVersion = 17.0
MinimumVisualStudioVersion = 10.0.40219.1
Project("{2150E333-8FDC-42A3-9474-1A3956D46DE8}") = "Projektmappenelemente", "Projektmappenelemente", "{658BD492-33FF-4995-AAE7-4F6894E92F0C}"
	ProjectSection(SolutionItems) = preProject
		MVVM_Tutorial.props = MVVM_Tutorial.props
		MVVM_Tutorial_net.props = MVVM_Tutorial_net.props
	EndProjectSection
EndProject
Project("{9A19103F-16F7-4668-BE54-9A1E7A4F7556}") = "MVVM_BaseLib", "..\Libraries\MVVM_BaseLib\MVVM_BaseLib.csproj", "{890CF504-3814-443B-9EE6-E8BCACF68203}"
EndProject
Project("{2150E333-8FDC-42A3-9474-1A3956D46DE8}") = "Libraries", "Libraries", "{AF041458-CF94-4D6D-BB0F-8BC50F4F099C}"
	ProjectSection(SolutionItems) = preProject
		..\Libraries\Libraries_net.props = ..\Libraries\Libraries_net.props
	EndProjectSection
EndProject
Project("{9A19103F-16F7-4668-BE54-9A1E7A4F7556}") = "MVVM_BaseLibTests", "..\Libraries\MVVM_BaseLibTests\MVVM_BaseLibTests.csproj", "{66EB60F2-523D-47C8-95EA-C7E10759E239}"
EndProject
Project("{9A19103F-16F7-4668-BE54-9A1E7A4F7556}") = "MVVM_31_Validation1", "MVVM_31_Validation1\MVVM_31_Validation1.csproj", "{F4399559-055A-4B84-8E56-7956FE178FDB}"
EndProject
Project("{9A19103F-16F7-4668-BE54-9A1E7A4F7556}") = "MVVM_31_Validation1_net", "MVVM_31_Validation1\MVVM_31_Validation1_net.csproj", "{2B9F0AF1-94CD-4E00-B4AA-4E7611883A1F}"
EndProject
Project("{9A19103F-16F7-4668-BE54-9A1E7A4F7556}") = "MVVM_31_Validation1_netTests", "MVVM_31_Validation1Tests\MVVM_31_Validation1_netTests.csproj", "{50540E22-CCF1-46F6-964D-817483551B9D}"
EndProject
Project("{9A19103F-16F7-4668-BE54-9A1E7A4F7556}") = "MVVM_31_Validation1Tests", "MVVM_31_Validation1Tests\MVVM_31_Validation1Tests.csproj", "{964141CF-8662-416E-9665-EF3D9769C4C4}"
EndProject
Project("{9A19103F-16F7-4668-BE54-9A1E7A4F7556}") = "MVVM_31_Validation2", "MVVM_31_Validation2\MVVM_31_Validation2.csproj", "{E52A5D14-D5C0-41C4-908A-AEDF27DD3A83}"
EndProject
Project("{9A19103F-16F7-4668-BE54-9A1E7A4F7556}") = "MVVM_31_Validation2_net", "MVVM_31_Validation2\MVVM_31_Validation2_net.csproj", "{7B660A96-0640-4430-91E9-3408927C7BDD}"
EndProject
Project("{9A19103F-16F7-4668-BE54-9A1E7A4F7556}") = "MVVM_31_Validation2_netTests", "MVVM_31_Validation2Tests\MVVM_31_Validation2_netTests.csproj", "{A9B46AEA-77B0-4BC5-B6A3-5932EFC81EFC}"
EndProject
Project("{9A19103F-16F7-4668-BE54-9A1E7A4F7556}") = "MVVM_31_Validation2Tests", "MVVM_31_Validation2Tests\MVVM_31_Validation2Tests.csproj", "{C2462AD4-3F6B-46AA-B270-A7E587488E69}"
EndProject
Project("{9A19103F-16F7-4668-BE54-9A1E7A4F7556}") = "MVVM_31a_CTValidation1", "MVVM_31a_CTValidation1\MVVM_31a_CTValidation1.csproj", "{9671FB9E-48F1-46F6-A05F-A46ED8F02457}"
EndProject
Project("{9A19103F-16F7-4668-BE54-9A1E7A4F7556}") = "MVVM_31a_CTValidation1_net", "MVVM_31a_CTValidation1\MVVM_31a_CTValidation1_net.csproj", "{48FAA320-E238-45F2-9B1F-259FA7C3EE19}"
EndProject
Project("{9A19103F-16F7-4668-BE54-9A1E7A4F7556}") = "MVVM_31a_CTValidation1_netTests", "MVVM_31a_CTValidation1Tests\MVVM_31a_CTValidation1_netTests.csproj", "{73ECF74E-42C4-4F76-AF15-02A0C8D78CDF}"
EndProject
Project("{9A19103F-16F7-4668-BE54-9A1E7A4F7556}") = "MVVM_31a_CTValidation1Tests", "MVVM_31a_CTValidation1Tests\MVVM_31a_CTValidation1Tests.csproj", "{17BBC4D1-80F0-45F6-BD40-1052DB5FEF67}"
EndProject
Project("{9A19103F-16F7-4668-BE54-9A1E7A4F7556}") = "MVVM_31a_CTValidation2", "MVVM_31a_CTValidation2\MVVM_31a_CTValidation2.csproj", "{CBBB5731-B3DC-4644-A5CF-C51E67008E5A}"
EndProject
Project("{9A19103F-16F7-4668-BE54-9A1E7A4F7556}") = "MVVM_31a_CTValidation2_net", "MVVM_31a_CTValidation2\MVVM_31a_CTValidation2_net.csproj", "{EAB50865-79A8-4E87-9BD1-E81ABED17AE8}"
EndProject
Project("{9A19103F-16F7-4668-BE54-9A1E7A4F7556}") = "MVVM_31a_CTValidation2_netTests", "MVVM_31a_CTValidation2Tests\MVVM_31a_CTValidation2_netTests.csproj", "{4F1BDFED-E3D5-4608-B476-37D0FE7CED9F}"
EndProject
Project("{9A19103F-16F7-4668-BE54-9A1E7A4F7556}") = "MVVM_31a_CTValidation2Tests", "MVVM_31a_CTValidation2Tests\MVVM_31a_CTValidation2Tests.csproj", "{4C86E957-31CC-4285-A84F-B379B16F0F7E}"
EndProject
Project("{9A19103F-16F7-4668-BE54-9A1E7A4F7556}") = "MVVM_31a_CTValidation3", "MVVM_31a_CTValidation3\MVVM_31a_CTValidation3.csproj", "{40D85566-16A7-43F7-A4F1-A16D24C4CF0B}"
EndProject
Project("{9A19103F-16F7-4668-BE54-9A1E7A4F7556}") = "MVVM_31a_CTValidation3_net", "MVVM_31a_CTValidation3\MVVM_31a_CTValidation3_net.csproj", "{9744C33F-4FF0-4B30-BB77-7ADA0B9412D9}"
EndProject
Project("{9A19103F-16F7-4668-BE54-9A1E7A4F7556}") = "MVVM_31a_CTValidation3_netTests", "MVVM_31a_CTValidation3Tests\MVVM_31a_CTValidation3_netTests.csproj", "{D0634699-28AE-4890-8040-AEDE7CEDCA22}"
EndProject
Project("{9A19103F-16F7-4668-BE54-9A1E7A4F7556}") = "MVVM_31a_CTValidation3Tests", "MVVM_31a_CTValidation3Tests\MVVM_31a_CTValidation3Tests.csproj", "{A63D0207-3347-431C-96E8-97C3200A6116}"
EndProject
Global
	GlobalSection(SolutionConfigurationPlatforms) = preSolution
		Debug|Any CPU = Debug|Any CPU
		Release|Any CPU = Release|Any CPU
	EndGlobalSection
	GlobalSection(ProjectConfigurationPlatforms) = postSolution
		{890CF504-3814-443B-9EE6-E8BCACF68203}.Debug|Any CPU.ActiveCfg = Debug|Any CPU
		{890CF504-3814-443B-9EE6-E8BCACF68203}.Debug|Any CPU.Build.0 = Debug|Any CPU
		{890CF504-3814-443B-9EE6-E8BCACF68203}.Release|Any CPU.ActiveCfg = Release|Any CPU
		{890CF504-3814-443B-9EE6-E8BCACF68203}.Release|Any CPU.Build.0 = Release|Any CPU
		{66EB60F2-523D-47C8-95EA-C7E10759E239}.Debug|Any CPU.ActiveCfg = Debug|Any CPU
		{66EB60F2-523D-47C8-95EA-C7E10759E239}.Debug|Any CPU.Build.0 = Debug|Any CPU
		{66EB60F2-523D-47C8-95EA-C7E10759E239}.Release|Any CPU.ActiveCfg = Release|Any CPU
		{66EB60F2-523D-47C8-95EA-C7E10759E239}.Release|Any CPU.Build.0 = Release|Any CPU
		{F4399559-055A-4B84-8E56-7956FE178FDB}.Debug|Any CPU.ActiveCfg = Debug|Any CPU
		{F4399559-055A-4B84-8E56-7956FE178FDB}.Debug|Any CPU.Build.0 = Debug|Any CPU
		{F4399559-055A-4B84-8E56-7956FE178FDB}.Release|Any CPU.ActiveCfg = Release|Any CPU
		{F4399559-055A-4B84-8E56-7956FE178FDB}.Release|Any CPU.Build.0 = Release|Any CPU
		{2B9F0AF1-94CD-4E00-B4AA-4E7611883A1F}.Debug|Any CPU.ActiveCfg = Debug|Any CPU
		{2B9F0AF1-94CD-4E00-B4AA-4E7611883A1F}.Debug|Any CPU.Build.0 = Debug|Any CPU
		{2B9F0AF1-94CD-4E00-B4AA-4E7611883A1F}.Release|Any CPU.ActiveCfg = Release|Any CPU
		{2B9F0AF1-94CD-4E00-B4AA-4E7611883A1F}.Release|Any CPU.Build.0 = Release|Any CPU
		{50540E22-CCF1-46F6-964D-817483551B9D}.Debug|Any CPU.ActiveCfg = Debug|Any CPU
		{50540E22-CCF1-46F6-964D-817483551B9D}.Debug|Any CPU.Build.0 = Debug|Any CPU
		{50540E22-CCF1-46F6-964D-817483551B9D}.Release|Any CPU.ActiveCfg = Release|Any CPU
		{50540E22-CCF1-46F6-964D-817483551B9D}.Release|Any CPU.Build.0 = Release|Any CPU
		{964141CF-8662-416E-9665-EF3D9769C4C4}.Debug|Any CPU.ActiveCfg = Debug|Any CPU
		{964141CF-8662-416E-9665-EF3D9769C4C4}.Debug|Any CPU.Build.0 = Debug|Any CPU
		{964141CF-8662-416E-9665-EF3D9769C4C4}.Release|Any CPU.ActiveCfg = Release|Any CPU
		{964141CF-8662-416E-9665-EF3D9769C4C4}.Release|Any CPU.Build.0 = Release|Any CPU
		{E52A5D14-D5C0-41C4-908A-AEDF27DD3A83}.Debug|Any CPU.ActiveCfg = Debug|Any CPU
		{E52A5D14-D5C0-41C4-908A-AEDF27DD3A83}.Debug|Any CPU.Build.0 = Debug|Any CPU
		{E52A5D14-D5C0-41C4-908A-AEDF27DD3A83}.Release|Any CPU.ActiveCfg = Release|Any CPU
		{E52A5D14-D5C0-41C4-908A-AEDF27DD3A83}.Release|Any CPU.Build.0 = Release|Any CPU
		{7B660A96-0640-4430-91E9-3408927C7BDD}.Debug|Any CPU.ActiveCfg = Debug|Any CPU
		{7B660A96-0640-4430-91E9-3408927C7BDD}.Debug|Any CPU.Build.0 = Debug|Any CPU
		{7B660A96-0640-4430-91E9-3408927C7BDD}.Release|Any CPU.ActiveCfg = Release|Any CPU
		{7B660A96-0640-4430-91E9-3408927C7BDD}.Release|Any CPU.Build.0 = Release|Any CPU
		{A9B46AEA-77B0-4BC5-B6A3-5932EFC81EFC}.Debug|Any CPU.ActiveCfg = Debug|Any CPU
		{A9B46AEA-77B0-4BC5-B6A3-5932EFC81EFC}.Debug|Any CPU.Build.0 = Debug|Any CPU
		{A9B46AEA-77B0-4BC5-B6A3-5932EFC81EFC}.Release|Any CPU.ActiveCfg = Release|Any CPU
		{A9B46AEA-77B0-4BC5-B6A3-5932EFC81EFC}.Release|Any CPU.Build.0 = Release|Any CPU
		{C2462AD4-3F6B-46AA-B270-A7E587488E69}.Debug|Any CPU.ActiveCfg = Debug|Any CPU
		{C2462AD4-3F6B-46AA-B270-A7E587488E69}.Debug|Any CPU.Build.0 = Debug|Any CPU
		{C2462AD4-3F6B-46AA-B270-A7E587488E69}.Release|Any CPU.ActiveCfg = Release|Any CPU
		{C2462AD4-3F6B-46AA-B270-A7E587488E69}.Release|Any CPU.Build.0 = Release|Any CPU
		{9671FB9E-48F1-46F6-A05F-A46ED8F02457}.Debug|Any CPU.ActiveCfg = Debug|Any CPU
		{9671FB9E-48F1-46F6-A05F-A46ED8F02457}.Debug|Any CPU.Build.0 = Debug|Any CPU
		{9671FB9E-48F1-46F6-A05F-A46ED8F02457}.Release|Any CPU.ActiveCfg = Release|Any CPU
		{9671FB9E-48F1-46F6-A05F-A46ED8F02457}.Release|Any CPU.Build.0 = Release|Any CPU
		{48FAA320-E238-45F2-9B1F-259FA7C3EE19}.Debug|Any CPU.ActiveCfg = Debug|Any CPU
		{48FAA320-E238-45F2-9B1F-259FA7C3EE19}.Debug|Any CPU.Build.0 = Debug|Any CPU
		{48FAA320-E238-45F2-9B1F-259FA7C3EE19}.Release|Any CPU.ActiveCfg = Release|Any CPU
		{48FAA320-E238-45F2-9B1F-259FA7C3EE19}.Release|Any CPU.Build.0 = Release|Any CPU
		{73ECF74E-42C4-4F76-AF15-02A0C8D78CDF}.Debug|Any CPU.ActiveCfg = Debug|Any CPU
		{73ECF74E-42C4-4F76-AF15-02A0C8D78CDF}.Debug|Any CPU.Build.0 = Debug|Any CPU
		{73ECF74E-42C4-4F76-AF15-02A0C8D78CDF}.Release|Any CPU.ActiveCfg = Release|Any CPU
		{73ECF74E-42C4-4F76-AF15-02A0C8D78CDF}.Release|Any CPU.Build.0 = Release|Any CPU
		{17BBC4D1-80F0-45F6-BD40-1052DB5FEF67}.Debug|Any CPU.ActiveCfg = Debug|Any CPU
		{17BBC4D1-80F0-45F6-BD40-1052DB5FEF67}.Debug|Any CPU.Build.0 = Debug|Any CPU
		{17BBC4D1-80F0-45F6-BD40-1052DB5FEF67}.Release|Any CPU.ActiveCfg = Release|Any CPU
		{17BBC4D1-80F0-45F6-BD40-1052DB5FEF67}.Release|Any CPU.Build.0 = Release|Any CPU
		{CBBB5731-B3DC-4644-A5CF-C51E67008E5A}.Debug|Any CPU.ActiveCfg = Debug|Any CPU
		{CBBB5731-B3DC-4644-A5CF-C51E67008E5A}.Debug|Any CPU.Build.0 = Debug|Any CPU
		{CBBB5731-B3DC-4644-A5CF-C51E67008E5A}.Release|Any CPU.ActiveCfg = Release|Any CPU
		{CBBB5731-B3DC-4644-A5CF-C51E67008E5A}.Release|Any CPU.Build.0 = Release|Any CPU
		{EAB50865-79A8-4E87-9BD1-E81ABED17AE8}.Debug|Any CPU.ActiveCfg = Debug|Any CPU
		{EAB50865-79A8-4E87-9BD1-E81ABED17AE8}.Debug|Any CPU.Build.0 = Debug|Any CPU
		{EAB50865-79A8-4E87-9BD1-E81ABED17AE8}.Release|Any CPU.ActiveCfg = Release|Any CPU
		{EAB50865-79A8-4E87-9BD1-E81ABED17AE8}.Release|Any CPU.Build.0 = Release|Any CPU
		{4F1BDFED-E3D5-4608-B476-37D0FE7CED9F}.Debug|Any CPU.ActiveCfg = Debug|Any CPU
		{4F1BDFED-E3D5-4608-B476-37D0FE7CED9F}.Debug|Any CPU.Build.0 = Debug|Any CPU
		{4F1BDFED-E3D5-4608-B476-37D0FE7CED9F}.Release|Any CPU.ActiveCfg = Release|Any CPU
		{4F1BDFED-E3D5-4608-B476-37D0FE7CED9F}.Release|Any CPU.Build.0 = Release|Any CPU
		{4C86E957-31CC-4285-A84F-B379B16F0F7E}.Debug|Any CPU.ActiveCfg = Debug|Any CPU
		{4C86E957-31CC-4285-A84F-B379B16F0F7E}.Debug|Any CPU.Build.0 = Debug|Any CPU
		{4C86E957-31CC-4285-A84F-B379B16F0F7E}.Release|Any CPU.ActiveCfg = Release|Any CPU
		{4C86E957-31CC-4285-A84F-B379B16F0F7E}.Release|Any CPU.Build.0 = Release|Any CPU
		{40D85566-16A7-43F7-A4F1-A16D24C4CF0B}.Debug|Any CPU.ActiveCfg = Debug|Any CPU
		{40D85566-16A7-43F7-A4F1-A16D24C4CF0B}.Debug|Any CPU.Build.0 = Debug|Any CPU
		{40D85566-16A7-43F7-A4F1-A16D24C4CF0B}.Release|Any CPU.ActiveCfg = Release|Any CPU
		{40D85566-16A7-43F7-A4F1-A16D24C4CF0B}.Release|Any CPU.Build.0 = Release|Any CPU
		{9744C33F-4FF0-4B30-BB77-7ADA0B9412D9}.Debug|Any CPU.ActiveCfg = Debug|Any CPU
		{9744C33F-4FF0-4B30-BB77-7ADA0B9412D9}.Debug|Any CPU.Build.0 = Debug|Any CPU
		{9744C33F-4FF0-4B30-BB77-7ADA0B9412D9}.Release|Any CPU.ActiveCfg = Release|Any CPU
		{9744C33F-4FF0-4B30-BB77-7ADA0B9412D9}.Release|Any CPU.Build.0 = Release|Any CPU
		{D0634699-28AE-4890-8040-AEDE7CEDCA22}.Debug|Any CPU.ActiveCfg = Debug|Any CPU
		{D0634699-28AE-4890-8040-AEDE7CEDCA22}.Debug|Any CPU.Build.0 = Debug|Any CPU
		{D0634699-28AE-4890-8040-AEDE7CEDCA22}.Release|Any CPU.ActiveCfg = Release|Any CPU
		{D0634699-28AE-4890-8040-AEDE7CEDCA22}.Release|Any CPU.Build.0 = Release|Any CPU
		{A63D0207-3347-431C-96E8-97C3200A6116}.Debug|Any CPU.ActiveCfg = Debug|Any CPU
		{A63D0207-3347-431C-96E8-97C3200A6116}.Debug|Any CPU.Build.0 = Debug|Any CPU
		{A63D0207-3347-431C-96E8-97C3200A6116}.Release|Any CPU.ActiveCfg = Release|Any CPU
		{A63D0207-3347-431C-96E8-97C3200A6116}.Release|Any CPU.Build.0 = Release|Any CPU
	EndGlobalSection
	GlobalSection(SolutionProperties) = preSolution
		HideSolutionNode = FALSE
	EndGlobalSection
	GlobalSection(NestedProjects) = preSolution
		{890CF504-3814-443B-9EE6-E8BCACF68203} = {AF041458-CF94-4D6D-BB0F-8BC50F4F099C}
		{66EB60F2-523D-47C8-95EA-C7E10759E239} = {AF041458-CF94-4D6D-BB0F-8BC50F4F099C}
	EndGlobalSection
	GlobalSection(ExtensibilityGlobals) = postSolution
		SolutionGuid = {69121ED9-C514-4D8C-9F30-AC0FFE076356}
	EndGlobalSection
EndGlobal
