<Solution>
  <Folder Name="/Libraries/">
    <File Path="../Libraries/Libraries_net.props" />
    <Project Path="../Libraries/MVVM_BaseLib/MVVM_BaseLib.csproj" />
    <Project Path="../Libraries/MVVM_BaseLibTests/MVVM_BaseLibTests.csproj" />
  </Folder>
  <Folder Name="/Projektmappenelemente/">
    <File Path="MVVM_Tutorial.props" />
    <File Path="MVVM_Tutorial_net.props" />
  </Folder>
  <Project Path="MVVM_36_ComToolKtSavesWork/MVVM_36_ComToolKtSavesWork.csproj" />
  <Project Path="MVVM_36_ComToolKtSavesWork/MVVM_36_ComToolKtSavesWork_net.csproj" />
  <Project Path="MVVM_36_ComToolKtSavesWorkTests/MVVM_36_ComToolKtSavesWorkTests.csproj" />
  <Project Path="MVVM_36_ComToolKtSavesWorkTests/MVVM_36_ComToolKtSavesWork_netTests.csproj" />
</Solution>
