<Solution>
  <Folder Name="/Libraries/">
    <File Path="../Libraries/Libraries_net.props" />
    <Project Path="../Libraries/MVVM_BaseLib/MVVM_BaseLib.csproj" />
    <Project Path="../Libraries/MVVM_BaseLibTests/MVVM_BaseLibTests.csproj" />
  </Folder>
  <Folder Name="/MVVM_24_UserControls/">
    <Project Path="MVVM_24a_CTUserControl/MVVM_24a_CTUserControl.csproj" />
    <Project Path="MVVM_24a_CTUserControl/MVVM_24a_CTUserControl_net.csproj" />
    <Project Path="MVVM_24a_CTUserControlTests/MVVM_24a_CTUserControlTests.csproj" />
    <Project Path="MVVM_24a_CTUserControlTests/MVVM_24a_CTUserControl_netTests.csproj" />
    <Project Path="MVVM_24b_UserControl/MVVM_24b_UserControl.csproj" />
    <Project Path="MVVM_24b_UserControl/MVVM_24b_UserControl_net.csproj" />
    <Project Path="MVVM_24b_UserControlTests/MVVM_24b_UserControlTests.csproj" />
    <Project Path="MVVM_24b_UserControlTests/MVVM_24b_UserControl_netTests.csproj" />
    <Project Path="MVVM_24c_CTUserControl/MVVM_24c_CTUserControl.csproj" />
    <Project Path="MVVM_24c_CTUserControl/MVVM_24c_CTUserControl_net.csproj" />
    <Project Path="MVVM_24c_CTUserControlTests/MVVM_24c_CTUserControlTests.csproj" />
    <Project Path="MVVM_24c_CTUserControlTests/MVVM_24c_CTUserControl_netTests.csproj" />
    <Project Path="MVVM_24_UserControl/MVVM_24_UserControl.csproj" />
    <Project Path="MVVM_24_UserControl/MVVM_24_UserControl_net.csproj" />
    <Project Path="MVVM_24_UserControlTests/MVVM_24_UserControlTests.csproj" />
    <Project Path="MVVM_24_UserControlTests/MVVM_24_UserControl_netTests.csproj" />
  </Folder>
  <Folder Name="/Projektmappenelemente/">
    <File Path="MVVM_Tutorial.props" />
    <File Path="MVVM_Tutorial_net.props" />
  </Folder>
</Solution>
