
Microsoft Visual Studio Solution File, Format Version 12.00
# Visual Studio Version 17
VisualStudioVersion = 17.12.35707.178
MinimumVisualStudioVersion = 10.0.40219.1
Project("{FAE04EC0-301F-11D3-BF4B-00C04F79EFBC}") = "TestProjDep", "TestProjDep\TestProjDep.csproj", "{106F8AFA-1B8E-43F0-AF06-8A3EB9AC1808}"
EndProject
Project("{FAE04EC0-301F-11D3-BF4B-00C04F79EFBC}") = "TestProjLib", "TestProjLib\TestProjLib.csproj", "{63EFE13A-0117-4C09-9BC3-C167AE8D1764}"
EndProject
Project("{FAE04EC0-301F-11D3-BF4B-00C04F79EFBC}") = "TestProjLib2", "TestProjLib2\TestProjLib2.csproj", "{990F13D3-1D98-4861-B302-50F1BEDD54CD}"
EndProject
Global
	GlobalSection(SolutionConfigurationPlatforms) = preSolution
		Debug|Any CPU = Debug|Any CPU
		Release|Any CPU = Release|Any CPU
	EndGlobalSection
	GlobalSection(ProjectConfigurationPlatforms) = postSolution
		{106F8AFA-1B8E-43F0-AF06-8A3EB9AC1808}.Debug|Any CPU.ActiveCfg = Debug|Any CPU
		{106F8AFA-1B8E-43F0-AF06-8A3EB9AC1808}.Debug|Any CPU.Build.0 = Debug|Any CPU
		{106F8AFA-1B8E-43F0-AF06-8A3EB9AC1808}.Release|Any CPU.ActiveCfg = Release|Any CPU
		{106F8AFA-1B8E-43F0-AF06-8A3EB9AC1808}.Release|Any CPU.Build.0 = Release|Any CPU
		{63EFE13A-0117-4C09-9BC3-C167AE8D1764}.Debug|Any CPU.ActiveCfg = Debug|Any CPU
		{63EFE13A-0117-4C09-9BC3-C167AE8D1764}.Debug|Any CPU.Build.0 = Debug|Any CPU
		{63EFE13A-0117-4C09-9BC3-C167AE8D1764}.Release|Any CPU.ActiveCfg = Release|Any CPU
		{63EFE13A-0117-4C09-9BC3-C167AE8D1764}.Release|Any CPU.Build.0 = Release|Any CPU
		{990F13D3-1D98-4861-B302-50F1BEDD54CD}.Debug|Any CPU.ActiveCfg = Debug|Any CPU
		{990F13D3-1D98-4861-B302-50F1BEDD54CD}.Debug|Any CPU.Build.0 = Debug|Any CPU
		{990F13D3-1D98-4861-B302-50F1BEDD54CD}.Release|Any CPU.ActiveCfg = Release|Any CPU
		{990F13D3-1D98-4861-B302-50F1BEDD54CD}.Release|Any CPU.Build.0 = Release|Any CPU
	EndGlobalSection
	GlobalSection(SolutionProperties) = preSolution
		HideSolutionNode = FALSE
	EndGlobalSection
EndGlobal
