<Solution>
  <Folder Name="/Calc/">
    <Project Path="../Calc/Calc32/Calc32.Model.csproj" />
    <Project Path="../Calc/Calc32Cons.Cxaml/Calc32Cons.Cxaml.csproj" />
    <Project Path="../Calc/Calc32Cons/Calc32.Cons.csproj" />
  </Folder>
  <Folder Name="/ConsoleApps/">
    <Project Path="ConsoleMouseApp.WinForms/ConsoleMouseApp.WinForms.csproj" />
    <Project Path="ConsoleMouseApp/ConsoleMouseApp.Base.csproj" />
    <Project Path="ConsoleMouseApp/ConsoleMouseApp.csproj" />
    <Project Path="ConsoleMouseApp/ConsoleMouseApp.ExtCons.csproj" />
    <Project Path="ConsoleOverlapApp/ConsoleOverlapApp.csproj" />
    <Project Path="ConsoleLib.Showcase/ConsoleLib.Showcase.csproj" />
    <Project Path="ConsoleLib.Showcase.Tests/ConsoleLib.Showcase.Tests.csproj" />
    <Project Path="ConsoleLib.Showcase.Terminal.Core/ConsoleLib.Showcase.Terminal.Core.csproj" />
    <Project Path="Display_Test/Display_netTest.csproj" />
    <Project Path="Leonardo.ST.Cxaml/Leonardo.ST.Cxaml.csproj" />
    <Project Path="TestConsole/TestConsole.csproj" />
    <Project Path="TestConsole/TestConsole_net.csproj" />
    <Project Path="TestConsoleDemo/TestConsoleDemo.csproj" />
    <Project Path="WaveFuncCol/WaveFunCollapse.csproj" />
    <Project Path="WaveFuncColFrm/WaveFuncColFrm.csproj" />
  </Folder>
  <Folder Name="/Data/">
    <Project Path="../Data/CommandlineHelper.Generators/CommandlineHelper.Generators.csproj" />
    <Project Path="../Data/CommandlineHelper/CommandlineHelper.csproj" />
  </Folder>
  <Folder Name="/Games/">
    <Project Path="../Games/DetectiveGame.Console/DetectiveGame.Console.csproj" />
    <Project Path="../Games/DetectiveGame.Engine/DetectiveGame.Engine.csproj" />
  </Folder>
  <Folder Name="/Leonardo/">
    <File Path="../../Leonardo/Leonardo.props" />
    <Project Path="../../Leonardo/Leonardo.Model/Leonardo.Model.csproj" />
    <Project Path="../../Leonardo/Leonardo.Tty/Leonardo_net.tty.csproj" />
  </Folder>
  <Folder Name="/Libraries/">
    <File Path="../Libraries/Libraries_net.props" />
    <Project Path="../Libraries/BaseLib/BaseLib.csproj" />
    <Project Path="../Libraries/BaseLibTests/BaseLibTests.csproj" />
    <Project Path="../Libraries/ConsoleDisplay/ConsoleDisplay.csproj" />
    <Project Path="../Libraries/ConsoleDisplayTests/ConsoleDisplayTests.csproj" />
    <Project Path="../Libraries/ConsoleLib.CoreTests/ConsoleLib.CoreTests.csproj" />
    <Project Path="../Libraries/ConsoleLib.Cxaml.Designer/ConsoleLib.Cxaml.Designer.csproj" />
    <Project Path="../Libraries/ConsoleLib.ExtCon/ConsoleLib.ExtCon.csproj" />
    <Project Path="../Libraries/ConsoleLib.ExtConTests/ConsoleLib.ExtConTests.csproj" />
    <Project Path="../Libraries/ConsoleLib.Posix/ConsoleLib.Posix.csproj" />
    <Project Path="../Libraries/ConsoleLib.PosixTests/ConsoleLib.PosixTests.csproj" />
    <Project Path="../Libraries/ConsoleLib.WinForms/ConsoleLib.WinForms.csproj" />
    <Project Path="../Libraries/ConsoleLib/ConsoleLib.csproj" />
    <Project Path="../Libraries/ConsoleLibTests/ConsoleLibTests.csproj" />
    <Project Path="../Libraries/ExtendedConsole/ExtendedConsole.csproj" />
    <Project Path="../Libraries/Terminal.Core/Terminal.Core.csproj" />
    <Project Path="../Libraries/MVVM_BaseLib/MVVM_BaseLib.csproj" />
    <Project Path="../Libraries/MVVM_BaseLibTests/MVVM_BaseLibTests.csproj" />
    <Project Path="../Libraries/WFSystem.Data/WFSystem.Windows.Data.csproj" />
  </Folder>
  <Folder Name="/OpenAI/">
    <Project Path="../OpenAI/Ollama.CodingAgent.Application/Ollama.CodingAgent.Application.csproj" />
    <Project Path="../OpenAI/Ollama.CodingAgent.Console.Cxaml/Ollama.CodingAgent.Console.Cxaml.csproj" />
    <Project Path="../OpenAI/Ollama.CodingAgent.Console/Ollama.CodingAgent.Console.csproj" />
    <Project Path="../OpenAI/Ollama.CodingAgent/Ollama.CodingAgent.csproj" />
  </Folder>
  <Folder Name="/Projektmappenelemente/">
    <File Path="ConsoleApps.props" />
    <File Path="ConsoleApps_net.props" />
  </Folder>
</Solution>
