<Solution>
  <Folder Name="/Avalonia_Apps/" />
  <Folder Name="/Avalonia_Apps/Avalonia_App01/">
    <Project Path="Avalonia_Apps/Avalonia_App01/Avalonia_App_01.Android/Avalonia_App_01.Android.csproj" />
    <Project Path="Avalonia_Apps/Avalonia_App01/Avalonia_App_01.Browser/Avalonia_App_01.Browser.csproj" />
    <Project Path="Avalonia_Apps/Avalonia_App01/Avalonia_App_01.Desktop/Avalonia_App_01.Desktop.csproj" />
    <Project Path="Avalonia_Apps/Avalonia_App01/Avalonia_App_01.iOS/Avalonia_App_01.iOS.csproj" />
    <Project Path="Avalonia_Apps/Avalonia_App01/Avalonia_App_01/Avalonia_App_01.csproj" />
  </Folder>
  <Folder Name="/Avalonia_Apps/Avalonia_App02/">
    <Project Path="Avalonia_Apps/Avalonia_App02/Avalonia_App02/Avalonia_App02.csproj" />
  </Folder>
  <Folder Name="/CSharpBible/">
    <Project Path="CSharpBible/AboutEx/AboutEx.csproj" />
    <Project Path="CSharpBible/AboutExTests/AboutExTests.csproj" />
    <Project Path="CSharpBible/ActionTest/ActionTest.csproj" />
    <Project Path="CSharpBible/ActionTestWPF/ActionTestWPF.csproj" />
    <Project Path="CSharpBible/AddPage/AddPage.csproj" />
    <Project Path="CSharpBible/AddPageWPF/AddPageWPF.csproj" />
    <Project Path="CSharpBible/CharGrid/CharGrid.csproj" />
    <Project Path="CSharpBible/ConsoleDisplay/ConsoleDisplay.csproj" />
    <Project Path="CSharpBible/ConsoleDisplay/ConsoleDisplay_net.csproj" />
    <Project Path="CSharpBible/ConsoleDisplay/ConsoleDisplay_win.csproj" />
    <Project Path="CSharpBible/ConsoleDisplayTests/ConsoleDisplayTests.csproj" />
    <Project Path="CSharpBible/ConsoleDisplayTests/ConsoleDisplay_netTests.csproj" />
    <Project Path="CSharpBible/ConsoleMouseApp/ConsoleMouseApp.csproj" />
    <Project Path="CSharpBible/ConsoleMouseApp/ConsoleMouseApp_net.csproj" />
    <Project Path="CSharpBible/CSharpBibleTest/CSharpBibleTest.csproj" />
    <Project Path="CSharpBible/CSV_Viewer/CSV_Viewer.csproj" />
    <Project Path="CSharpBible/CSV_ViewerTest/CSV_ViewerTest.csproj" />
    <Project Path="CSharpBible/DataGridEx/DataGridEx.csproj" />
    <Project Path="CSharpBible/DataGridExWPF/DataGridExWPF.csproj" />
    <Project Path="CSharpBible/Display_Test/Display_netTest.csproj" />
    <Project Path="CSharpBible/Display_Test/Display_Test.csproj" />
    <Project Path="CSharpBible/TestConsole/TestConsole.csproj" />
    <Project Path="CSharpBible/TestConsole/TestConsole_net.csproj" />
    <Project Path="CSharpBible/TestConsoleDemo/TestConsoleDemo.csproj" />
    <Project Path="CSharpBible/TestConsoleTests/TestConsoleTests.csproj" />
    <Project Path="CSharpBible/TestDirectives/TestDirectives.csproj" />
    <Project Path="CSharpBible/Tests/Test.csproj" />
  </Folder>
  <Folder Name="/CSharpBible/Basics/">
    <Project Path="CSharpBible/Basics/Basic_Del00_Template/Basic_Del00_Template.csproj" />
    <Project Path="CSharpBible/Basics/Basic_Del00_Template/Basic_Del00_Template_net.csproj" />
    <Project Path="CSharpBible/Basics/Basic_Del00_TemplateTests/Basic_Del00_TemplateTests.csproj" />
    <Project Path="CSharpBible/Basics/Basic_Del00_TemplateTests/Basic_Del00_Template_netTests.csproj" />
    <Project Path="CSharpBible/Basics/Basic_Del01_Action/Basic_Del01_Action.csproj" />
    <Project Path="CSharpBible/Basics/Basic_Del01_Action/Basic_Del01_Action_net.csproj" />
    <Project Path="CSharpBible/Basics/Basic_Del01_ActionTests/Basic_Del01_ActionTests.csproj" />
    <Project Path="CSharpBible/Basics/Basic_Del01_ActionTests/Basic_Del01_Action_netTests.csproj" />
    <Project Path="CSharpBible/Basics/Basic_Del02_Filter/Basic_Del02_Filter.csproj" />
    <Project Path="CSharpBible/Basics/Basic_Del02_Filter/Basic_Del02_Filter_net.csproj" />
    <Project Path="CSharpBible/Basics/Basic_Del02_FilterTests/Basic_Del02_FilterTests.csproj" />
    <Project Path="CSharpBible/Basics/Basic_Del02_FilterTests/Basic_Del02_Filter_netTests.csproj" />
    <Project Path="CSharpBible/Basics/Basic_Del03_General/Basic_Del03_General.csproj" />
    <Project Path="CSharpBible/Basics/Basic_Del03_General/Basic_Del03_General_net.csproj" />
    <Project Path="CSharpBible/Basics/Basic_Del03_GeneralTests/Basic_Del03_GeneralTests.csproj" />
    <Project Path="CSharpBible/Basics/Basic_Del03_GeneralTests/Basic_Del03_General_netTests.csproj" />
    <Project Path="CSharpBible/Basics/Basic_Del04_TestImposibleStuff/Basic_Del04_TestImposibleStuff.csproj" />
    <Project Path="CSharpBible/Basics/Basic_Del04_TestImposibleStuff/Basic_Del04_TestImposibleStuff_net.csproj" />
    <Project Path="CSharpBible/Basics/Basic_Del04_TestImposibleStuffTests/Basic_Del04_TestImposibleStuffTests.csproj" />
    <Project Path="CSharpBible/Basics/Basic_Del04_TestImposibleStuffTests/Basic_Del04_TestImposibleStuff_netTests.csproj" />
  </Folder>
  <Folder Name="/CSharpBible/Calc/">
    <Project Path="CSharpBible/Calc/Calc32/Calc32.csproj" />
    <Project Path="CSharpBible/Calc/Calc32/Calc32_net.csproj" />
    <Project Path="CSharpBible/Calc/Calc32Cons/Calc32Cons.csproj" />
    <Project Path="CSharpBible/Calc/Calc32Cons/Calc32Cons_net.csproj" />
    <Project Path="CSharpBible/Calc/Calc32Tests/Calc32Tests.csproj" />
    <Project Path="CSharpBible/Calc/Calc32Tests/Calc32_netTests.csproj" />
    <Project Path="CSharpBible/Calc/Calc32WPF/Calc32WPF.csproj" />
    <Project Path="CSharpBible/Calc/Calc32WPF/Calc32WPF_net.csproj" />
    <Project Path="CSharpBible/Calc/Calc32WPFTests/Calc32WPFTests.csproj" />
    <Project Path="CSharpBible/Calc/Calc32WPFTests/Calc32WPF_netTests.csproj" />
    <Project Path="CSharpBible/Calc/Calc64Base/Calc64Base.csproj" />
    <Project Path="CSharpBible/Calc/Calc64Base/Calc64Base_net.csproj" />
    <Project Path="CSharpBible/Calc/Calc64Base/Calc64Base_win.csproj" />
    <Project Path="CSharpBible/Calc/Calc64BaseTests/Calc64BaseTests.csproj" />
    <Project Path="CSharpBible/Calc/Calc64BaseTests/Calc64Base_netTests.csproj" />
    <Project Path="CSharpBible/Calc/Calc64WF/Calc64WF.csproj" />
    <Project Path="CSharpBible/Calc/Calc64WF/Calc64WF_net.csproj" />
    <Project Path="CSharpBible/Calc/Calc64WFTests/Calc64WFTests.csproj" />
    <Project Path="CSharpBible/Calc/Calc64WFTests/Calc64WF_netTests.csproj" />
    <Project Path="CSharpBible/Calc/Calc64_Wpf/Calc64_Wpf.csproj" />
  </Folder>
  <Folder Name="/CSharpBible/Data/">
    <Project Path="CSharpBible/Data/TraceCsv2realCsv/TraceCsv2realCsv.csproj" />
    <Project Path="CSharpBible/Data/TraceCsv2realCsvTests/TraceCsv2realCsvTests.csproj" />
  </Folder>
  <Folder Name="/CSharpBible/DB/">
    <Project Path="CSharpBible/DB/DataLake_App/DataLake_App.csproj" />
    <Project Path="CSharpBible/DB/DBTest1/DBTest1.csproj" />
    <Project Path="CSharpBible/DB/FoxCon/FoxCon.csproj" />
    <Project Path="CSharpBible/DB/MdbBrowser/MdbBrowser.csproj" />
    <Project Path="CSharpBible/DB/MdbBrowserTests/MdbBrowserTests.csproj" />
    <Project Path="CSharpBible/DB/OLEDBTest/OleDbTest.csproj" />
    <Project Path="CSharpBible/DB/OLEDBTest2/OleDbTest2.csproj" />
    <Project Path="CSharpBible/DB/XSD_Data_Test/XSD_Data_Test.csproj" />
  </Folder>
  <Folder Name="/CSharpBible/DependencyInjection/">
    <Project Path="CSharpBible/DependencyInjection/CustomerRepository/CustomerRepository.csproj" />
    <Project Path="CSharpBible/DependencyInjection/CustomerRepositoryTests/CustomerRepositoryTests.csproj" />
  </Folder>
  <Folder Name="/CSharpBible/Games/">
    <Project Path="CSharpBible/Games/Asteroids/Asteroids_net.csproj" />
    <Project Path="CSharpBible/Games/Asteroids_Base/Asteroids_Base.csproj" />
    <Project Path="CSharpBible/Games/CreateCards/CreateCards.csproj" />
    <Project Path="CSharpBible/Games/CsEpiphany/CsEpiphany.csproj" />
    <Project Path="CSharpBible/Games/Game_Base/Game_Base.csproj" />
    <Project Path="CSharpBible/Games/Game_Base/Game_Base_net.csproj" />
    <Project Path="CSharpBible/Games/Game_BaseTests/Game_BaseTests.csproj" />
    <Project Path="CSharpBible/Games/Game_BaseTests/Game_Base_netTests.csproj" />
    <Project Path="CSharpBible/Games/MVVM_TiledDisplay_net/MVVM_TiledDisplay_net.csproj" />
    <Project Path="CSharpBible/Games/Snake_Base/Snake_Base.csproj" />
    <Project Path="CSharpBible/Games/Snake_Base/Snake_Base_net.csproj" />
    <Project Path="CSharpBible/Games/Snake_BaseTests/Snake_Base_netTests.csproj" />
    <Project Path="CSharpBible/Games/Snake_Console/Snake_Console.csproj" />
    <Project Path="CSharpBible/Games/Snake_Console/Snake_Console_net.csproj" />
    <Project Path="CSharpBible/Games/Sokoban/Sokoban.csproj" />
    <Project Path="CSharpBible/Games/Sokoban_Base/Sokoban_Base.csproj" />
    <Project Path="CSharpBible/Games/Sokoban_Base/Sokoban_Base_win.csproj" />
    <Project Path="CSharpBible/Games/Sokoban_BaseTests/Sokoban_BaseTests.csproj" />
    <Project Path="CSharpBible/Games/Sudoku_Base/Sudoku_Base.csproj" />
    <Project Path="CSharpBible/Games/Sudoku_BaseTests/Sudoku_BaseTests.csproj" />
    <Project Path="CSharpBible/Games/Tetris_Base/Tetris_Base.csproj" />
    <Project Path="CSharpBible/Games/Tetris_BaseTests/Tetris_BaseTests.csproj" />
    <Project Path="CSharpBible/Games/VectorGfx/VectorGfx.csproj" />
    <Project Path="CSharpBible/Games/VectorGfx2/VectorGfx2.csproj" />
    <Project Path="CSharpBible/Games/VTileEdit/VTileEdit.csproj" />
    <Project Path="CSharpBible/Games/VTileEditTests/VTileEditTests.csproj" />
    <Project Path="CSharpBible/Games/Werner_Flaschbier/Werner_Flaschbier_Base.csproj" />
    <Project Path="CSharpBible/Games/Werner_Flaschbier/Werner_Flaschbier_Base_win.csproj" />
    <Project Path="CSharpBible/Games/Werner_Flaschbier/Werner_Flaschbier_Console.csproj" />
    <Project Path="CSharpBible/Games/Werner_Flaschbier_BaseTests/Werner_Flaschbier_BaseTests.csproj" />
    <Project Path="CSharpBible/Games/Werner_Flaschbier_BaseTests/Werner_Flaschbier_ConsoleTests.csproj" />
  </Folder>
  <Folder Name="/CSharpBible/Graphics/">
    <Project Path="CSharpBible/Graphics/All_Graphics/All_Graphics_net.csproj" />
    <Project Path="CSharpBible/Graphics/CanvasWPF/CanvasWPF.csproj" />
    <Project Path="CSharpBible/Graphics/CanvasWPF2_CTItemTemplateSelector/CanvasWPF2_CTItemTemplateSelector.csproj" />
    <Project Path="CSharpBible/Graphics/CanvasWPF2_ItemTemplateSelector/CanvasWPF2_ItemTemplateSelector.csproj" />
    <Project Path="CSharpBible/Graphics/CanvasWPF_CT/CanvasWPF_CT.csproj" />
    <Project Path="CSharpBible/Graphics/DynamicShapeWPF/DynamicShapeWPF.csproj" />
    <Project Path="CSharpBible/Graphics/MVVM_Converter_CTDrawGrid/MVVM_Converter_CTDrawGrid.csproj" />
    <Project Path="CSharpBible/Graphics/MVVM_Converter_CTDrawGrid2/MVVM_Converter_CTDrawGrid2.csproj" />
    <Project Path="CSharpBible/Graphics/MVVM_Converter_CTImgGrid/MVVM_Converter_CTImgGrid.csproj" />
    <Project Path="CSharpBible/Graphics/MVVM_Converter_DrawGrid/MVVM_Converter_DrawGrid.csproj" />
    <Project Path="CSharpBible/Graphics/MVVM_Converter_DrawGrid2/MVVM_Converter_DrawGrid2.csproj" />
    <Project Path="CSharpBible/Graphics/MVVM_Converter_DrawGrid3_NonLin/MVVM_Converter_DrawGrid3_NonLin.csproj" />
    <Project Path="CSharpBible/Graphics/MVVM_Converter_Grid/MVVM_Converter_Grid.csproj" />
    <Project Path="CSharpBible/Graphics/MVVM_Converter_Grid2/MVVM_Converter_Grid2.csproj" />
    <Project Path="CSharpBible/Graphics/MVVM_Converter_Grid3_NonLin/MVVM_Converter_Grid3_NonLin.csproj" />
    <Project Path="CSharpBible/Graphics/MVVM_Converter_ImgGrid/MVVM_Converter_ImgGrid.csproj" />
    <Project Path="CSharpBible/Graphics/MVVM_Converter_ImgGrid2/MVVM_Converter_ImgGrid2.csproj" />
    <Project Path="CSharpBible/Graphics/MVVM_DynamicShape/MVVM_DynamicShape.csproj" />
    <Project Path="CSharpBible/Graphics/MVVM_ImageHandling/MVVM_ImageHandling.csproj" />
    <Project Path="CSharpBible/Graphics/MVVM_ImageHandling/MVVM_ImageHandling_net.csproj" />
    <Project Path="CSharpBible/Graphics/MVVM_ImageHandlingTests/MVVM_ImageHandlingTests.csproj" />
    <Project Path="CSharpBible/Graphics/MVVM_ImageHandlingTests/MVVM_ImageHandling_netTests.csproj" />
    <Project Path="CSharpBible/Graphics/MVVM_Lines_on_Grid/MVVM_Lines_on_Grid.csproj" />
    <Project Path="CSharpBible/Graphics/MVVM_Lines_on_Grid2/MVVM_Lines_on_Grid2.csproj" />
    <Project Path="CSharpBible/Graphics/Permutation/Permutation.csproj" />
    <Project Path="CSharpBible/Graphics/PermutationTests/PermutationTests.csproj" />
    <Project Path="CSharpBible/Graphics/PlotgraphWPF/PlotgraphWPF.csproj" />
    <Project Path="CSharpBible/Graphics/Polyline/Polyline.csproj" />
    <Project Path="CSharpBible/Graphics/Polyline/Polyline2.csproj" />
    <Project Path="CSharpBible/Graphics/Polyline/Polyline_net.csproj" />
    <Project Path="CSharpBible/Graphics/PolySpline/PolySpline.csproj" />
    <Project Path="CSharpBible/Graphics/PolySpline/PolySpline2.csproj" />
    <Project Path="CSharpBible/Graphics/PolySpline/PolySpline_net.csproj" />
    <Project Path="CSharpBible/Graphics/TitleGen/TitleGen.csproj" />
    <Project Path="CSharpBible/Graphics/TitleGen2/TitleGen2.csproj" />
  </Folder>
  <Folder Name="/CSharpBible/Libraries/">
    <Project Path="CSharpBible/Libraries/BaseLib/BaseLib.csproj" />
    <Project Path="CSharpBible/Libraries/BaseLib/BaseLib_net.csproj" />
    <Project Path="CSharpBible/Libraries/BaseLibTests/BaseLibTests.csproj" />
    <Project Path="CSharpBible/Libraries/BaseLibTests/BaseLib_netTests.csproj" />
    <Project Path="CSharpBible/Libraries/CommonDialogs/CommonDialogs.csproj" />
    <Project Path="CSharpBible/Libraries/CommonDialogs/CommonDialogs_net.csproj" />
    <Project Path="CSharpBible/Libraries/ConsoleLib/ConsoleLib.csproj" />
    <Project Path="CSharpBible/Libraries/ConsoleLib/ConsoleLib_net.csproj" />
    <Project Path="CSharpBible/Libraries/CSFreeVision/CSFreeVision.csproj" />
    <Project Path="CSharpBible/Libraries/GenInterfaces/GenInterfaces.csproj" />
    <Project Path="CSharpBible/Libraries/MathLIbrary/MathLibrary.csproj" />
    <Project Path="CSharpBible/Libraries/MathLIbrary/MathLibrary_net.csproj" />
    <Project Path="CSharpBible/Libraries/MathLibraryTests/MathLibraryTests.csproj" />
    <Project Path="CSharpBible/Libraries/MathLibraryTests/MathLibrary_netTests.csproj" />
    <Project Path="CSharpBible/Libraries/MVVM_BaseLib/MVVM_BaseLib.csproj" />
    <Project Path="CSharpBible/Libraries/MVVM_BaseLib/MVVM_BaseLib_net.csproj" />
    <Project Path="CSharpBible/Libraries/MVVM_BaseLibTests/MVVM_BaseLibTests.csproj" />
    <Project Path="CSharpBible/Libraries/MVVM_BaseLibTests/MVVM_BaseLibTests_net.csproj" />
    <Project Path="CSharpBible/Libraries/WFSystem.Data/WFSystem.Windows.Data.csproj" />
    <Project Path="CSharpBible/Libraries/WFSystem.Data/WFSystem.Windows.Data_net.csproj" />
  </Folder>
  <Folder Name="/CSharpBible/MVVM_Tutorial/">
    <Project Path="CSharpBible/MVVM_Tutorial/DemoLibrary/DemoLibrary.csproj" />
    <Project Path="CSharpBible/MVVM_Tutorial/DemoLibraryTests/DemoLibraryTests.csproj" />
    <Project Path="CSharpBible/MVVM_Tutorial/ItemsControlTut1/ItemsControlTut1.csproj" />
    <Project Path="CSharpBible/MVVM_Tutorial/ItemsControlTut2/ItemsControlTut2.csproj" />
    <Project Path="CSharpBible/MVVM_Tutorial/ItemsControlTut3/ItemsControlTut3.csproj" />
    <Project Path="CSharpBible/MVVM_Tutorial/ItemsControlTut3/ItemsControlTut3_net.csproj" />
    <Project Path="CSharpBible/MVVM_Tutorial/ItemsControlTut3_netTests/ItemsControlTut3_netTests.csproj" />
    <Project Path="CSharpBible/MVVM_Tutorial/ItemsControlTut4/ItemsControlTut4.csproj" />
    <Project Path="CSharpBible/MVVM_Tutorial/ItemsControlTut4/ItemsControlTut4_net.csproj" />
    <Project Path="CSharpBible/MVVM_Tutorial/ItemsControlTut4_netTests/ItemsControlTut4_netTests.csproj" />
    <Project Path="CSharpBible/MVVM_Tutorial/ListBinding/ListBinding.csproj" />
    <Project Path="CSharpBible/MVVM_Tutorial/ListBinding/ListBinding_net.csproj" />
    <Project Path="CSharpBible/MVVM_Tutorial/ListBindingTests/ListBindingTests.csproj" />
    <Project Path="CSharpBible/MVVM_Tutorial/ListBindingTests/ListBinding_netTests.csproj" />
    <Project Path="CSharpBible/MVVM_Tutorial/MVVM_00a_CTTemplate/MVVM_00a_CTTemplate.csproj" />
    <Project Path="CSharpBible/MVVM_Tutorial/MVVM_00a_CTTemplate/MVVM_00a_CTTemplate_net.csproj" />
    <Project Path="CSharpBible/MVVM_Tutorial/MVVM_00a_CTTemplateTests/MVVM_00a_CTTemplateTests.csproj" />
    <Project Path="CSharpBible/MVVM_Tutorial/MVVM_00a_CTTemplateTests/MVVM_00a_CTTemplate_netTests.csproj" />
    <Project Path="CSharpBible/MVVM_Tutorial/MVVM_00_IoCTemplate/MVVM_00_IoCTemplate.csproj" />
    <Project Path="CSharpBible/MVVM_Tutorial/MVVM_00_IoCTemplate/MVVM_00_IoCTemplate_net.csproj" />
    <Project Path="CSharpBible/MVVM_Tutorial/MVVM_00_IoCTemplateTests/MVVM_00_IoCTemplateTests.csproj" />
    <Project Path="CSharpBible/MVVM_Tutorial/MVVM_00_IoCTemplateTests/MVVM_00_IoCTemplate_netTests.csproj" />
    <Project Path="CSharpBible/MVVM_Tutorial/MVVM_00_Template/MVVM_00_Template.csproj" />
    <Project Path="CSharpBible/MVVM_Tutorial/MVVM_00_Template/MVVM_00_Template_net.csproj" />
    <Project Path="CSharpBible/MVVM_Tutorial/MVVM_00_TemplateTests/MVVM_00_TemplateTests.csproj" />
    <Project Path="CSharpBible/MVVM_Tutorial/MVVM_00_TemplateTests/MVVM_00_Template_netTests.csproj" />
    <Project Path="CSharpBible/MVVM_Tutorial/MVVM_03a_CTNotifyChange/MVVM_03a_CTNotifyChange.csproj" />
    <Project Path="CSharpBible/MVVM_Tutorial/MVVM_03a_CTNotifyChange/MVVM_03a_CTNotifyChange_net.csproj" />
    <Project Path="CSharpBible/MVVM_Tutorial/MVVM_03a_CTNotifyChangeTests/MVVM_03a_CTNotifyChangeTests.csproj" />
    <Project Path="CSharpBible/MVVM_Tutorial/MVVM_03a_CTNotifyChangeTests/MVVM_03a_CTNotifyChange_netTests.csproj" />
    <Project Path="CSharpBible/MVVM_Tutorial/MVVM_03_NotifyChange/MVVM_03_NotifyChange.csproj" />
    <Project Path="CSharpBible/MVVM_Tutorial/MVVM_03_NotifyChange/MVVM_03_NotifyChange_net.csproj" />
    <Project Path="CSharpBible/MVVM_Tutorial/MVVM_03_NotifyChangeTests/MVVM_03_NotifyChangeTests.csproj" />
    <Project Path="CSharpBible/MVVM_Tutorial/MVVM_03_NotifyChangeTests/MVVM_03_NotifyChange_netTests.csproj" />
    <Project Path="CSharpBible/MVVM_Tutorial/MVVM_04a_CTRelayCommand/MVVM_04a_CTRelayCommand.csproj" />
    <Project Path="CSharpBible/MVVM_Tutorial/MVVM_04a_CTRelayCommand/MVVM_04a_CTRelayCommand_net.csproj" />
    <Project Path="CSharpBible/MVVM_Tutorial/MVVM_04a_CTRelayCommandTests/MVVM_04a_CTRelayCommandTests.csproj" />
    <Project Path="CSharpBible/MVVM_Tutorial/MVVM_04a_CTRelayCommandTests/MVVM_04a_CTRelayCommand_netTests.csproj" />
    <Project Path="CSharpBible/MVVM_Tutorial/MVVM_04_DelegateCommand/MVVM_04_DelegateCommand.csproj" />
    <Project Path="CSharpBible/MVVM_Tutorial/MVVM_04_DelegateCommand/MVVM_04_DelegateCommand_net.csproj" />
    <Project Path="CSharpBible/MVVM_Tutorial/MVVM_04_DelegateCommandTests/MVVM_04_DelegateCommandTests.csproj" />
    <Project Path="CSharpBible/MVVM_Tutorial/MVVM_04_DelegateCommandTests/MVVM_04_DelegateCommand_netTests.csproj" />
    <Project Path="CSharpBible/MVVM_Tutorial/MVVM_05a_CTCommandParCalc/MVVM_05a_CTCommandParCalc.csproj" />
    <Project Path="CSharpBible/MVVM_Tutorial/MVVM_05a_CTCommandParCalc/MVVM_05a_CTCommandParCalc_net.csproj" />
    <Project Path="CSharpBible/MVVM_Tutorial/MVVM_05a_CTCommandParCalcTests/MVVM_05a_CTCommandParCalcTests.csproj" />
    <Project Path="CSharpBible/MVVM_Tutorial/MVVM_05a_CTCommandParCalcTests/MVVM_05a_CTCommandParCalc_netTests.csproj" />
    <Project Path="CSharpBible/MVVM_Tutorial/MVVM_05_CommandParCalculator/MVVM_05_CommandParCalculator.csproj" />
    <Project Path="CSharpBible/MVVM_Tutorial/MVVM_05_CommandParCalculator/MVVM_05_CommandParCalculator_net.csproj" />
    <Project Path="CSharpBible/MVVM_Tutorial/MVVM_05_CommandParCalculatorTests/MVVM_05_CommandParCalculatorTests.csproj" />
    <Project Path="CSharpBible/MVVM_Tutorial/MVVM_05_CommandParCalculatorTests/MVVM_05_CommandParCalculator_netTests.csproj" />
    <Project Path="CSharpBible/MVVM_Tutorial/MVVM_06_Converters/MVVM_06_Converters.csproj" />
    <Project Path="CSharpBible/MVVM_Tutorial/MVVM_06_Converters/MVVM_06_Converters_net.csproj" />
    <Project Path="CSharpBible/MVVM_Tutorial/MVVM_06_ConvertersTests/MVVM_06_ConvertersTests.csproj" />
    <Project Path="CSharpBible/MVVM_Tutorial/MVVM_06_Converters_2/MVVM_06_Converters_2.csproj" />
    <Project Path="CSharpBible/MVVM_Tutorial/MVVM_06_Converters_2/MVVM_06_Converters_2_net.csproj" />
    <Project Path="CSharpBible/MVVM_Tutorial/MVVM_06_Converters_3/MVVM_06_Converters_3.csproj" />
    <Project Path="CSharpBible/MVVM_Tutorial/MVVM_06_Converters_3/MVVM_06_Converters_3_net.csproj" />
    <Project Path="CSharpBible/MVVM_Tutorial/MVVM_06_Converters_3Tests/MVVM_06_Converters_3Tests.csproj" />
    <Project Path="CSharpBible/MVVM_Tutorial/MVVM_06_Converters_3Tests/MVVM_06_Converters_3_netTests.csproj" />
    <Project Path="CSharpBible/MVVM_Tutorial/MVVM_06_Converters_4/MVVM_06_Converters_4.csproj" />
    <Project Path="CSharpBible/MVVM_Tutorial/MVVM_06_Converters_4/MVVM_06_Converters_4_net.csproj" />
    <Project Path="CSharpBible/MVVM_Tutorial/MVVM_06_Converters_4Tests/MVVM_06_Converters_4Tests.csproj" />
    <Project Path="CSharpBible/MVVM_Tutorial/MVVM_06_Converters_4Tests/MVVM_06_Converters_4_netTests.csproj" />
    <Project Path="CSharpBible/MVVM_Tutorial/MVVM_09a_CTDialogBoxes/MVVM_09a_CTDialogBoxes.csproj" />
    <Project Path="CSharpBible/MVVM_Tutorial/MVVM_09a_CTDialogBoxes/MVVM_09a_CTDialogBoxes_net.csproj" />
    <Project Path="CSharpBible/MVVM_Tutorial/MVVM_09a_CTDialogBoxesTests/MVVM_09a_CTDialogBoxesTests.csproj" />
    <Project Path="CSharpBible/MVVM_Tutorial/MVVM_09a_CTDialogBoxesTests/MVVM_09a_CTDialogBoxes_netTests.csproj" />
    <Project Path="CSharpBible/MVVM_Tutorial/MVVM_09_DialogBoxes/MVVM_09_DialogBoxes.csproj" />
    <Project Path="CSharpBible/MVVM_Tutorial/MVVM_09_DialogBoxes/MVVM_09_DialogBoxes_net.csproj" />
    <Project Path="CSharpBible/MVVM_Tutorial/MVVM_09_DialogBoxesTest/MVVM_09_DialogBoxesTest.csproj" />
    <Project Path="CSharpBible/MVVM_Tutorial/MVVM_09_DialogBoxesTest/MVVM_09_DialogBoxes_netTests.csproj" />
    <Project Path="CSharpBible/MVVM_Tutorial/MVVM_16_Usercontrol1/MVVM_16_UserControl1.csproj" />
    <Project Path="CSharpBible/MVVM_Tutorial/MVVM_16_Usercontrol1/MVVM_16_UserControl1_net.csproj" />
    <Project Path="CSharpBible/MVVM_Tutorial/MVVM_16_UserControl1Tests/MVVM_16_UserControl1Tests.csproj" />
    <Project Path="CSharpBible/MVVM_Tutorial/MVVM_16_UserControl1Tests/MVVM_16_UserControl1_netTests.csproj" />
    <Project Path="CSharpBible/MVVM_Tutorial/MVVM_16_Usercontrol2/MVVM_16_UserControl2.csproj" />
    <Project Path="CSharpBible/MVVM_Tutorial/MVVM_16_Usercontrol2/MVVM_16_UserControl2_net.csproj" />
    <Project Path="CSharpBible/MVVM_Tutorial/MVVM_17_1_CSV_Laden/MVVM_17_1_CSV_Laden.csproj" />
    <Project Path="CSharpBible/MVVM_Tutorial/MVVM_17_1_CSV_Laden/MVVM_17_1_CSV_Laden_net.csproj" />
    <Project Path="CSharpBible/MVVM_Tutorial/MVVM_18_MultiConverters/MVVM_18_MultiConverters.csproj" />
    <Project Path="CSharpBible/MVVM_Tutorial/MVVM_18_MultiConverters/MVVM_18_MultiConverters_net.csproj" />
    <Project Path="CSharpBible/MVVM_Tutorial/MVVM_18_MultiConvertersTests/MVVM_18_MultiConvertersTests.csproj" />
    <Project Path="CSharpBible/MVVM_Tutorial/MVVM_19_FilterLists/MVVM_19_FilterLists.csproj" />
    <Project Path="CSharpBible/MVVM_Tutorial/MVVM_19_FilterLists/MVVM_19_FilterLists_net.csproj" />
    <Project Path="CSharpBible/MVVM_Tutorial/MVVM_19_FilterListsTests/MVVM_19_FilterListsTests.csproj" />
    <Project Path="CSharpBible/MVVM_Tutorial/MVVM_19_FilterListsTests/MVVM_19_FilterLists_netTests.csproj" />
    <Project Path="CSharpBible/MVVM_Tutorial/MVVM_20a_CTSysdialogs/MVVM_20a_CTSysdialogs.csproj" />
    <Project Path="CSharpBible/MVVM_Tutorial/MVVM_20a_CTSysdialogs/MVVM_20a_CTSysdialogs_net.csproj" />
    <Project Path="CSharpBible/MVVM_Tutorial/MVVM_20a_CTSysdialogsTests/MVVM_20a_CTSysdialogsTests.csproj" />
    <Project Path="CSharpBible/MVVM_Tutorial/MVVM_20a_CTSysdialogsTests/MVVM_20a_CTSysdialogs_netTests.csproj" />
    <Project Path="CSharpBible/MVVM_Tutorial/MVVM_20_Sysdialogs/MVVM_20_Sysdialogs.csproj" />
    <Project Path="CSharpBible/MVVM_Tutorial/MVVM_20_Sysdialogs/MVVM_20_Sysdialogs_net.csproj" />
    <Project Path="CSharpBible/MVVM_Tutorial/MVVM_20_SysdialogsTests/MVVM_20_SysdialogsTests.csproj" />
    <Project Path="CSharpBible/MVVM_Tutorial/MVVM_20_SysdialogsTests/MVVM_20_Sysdialogs_netTests.csproj" />
    <Project Path="CSharpBible/MVVM_Tutorial/MVVM_21_Buttons/MVVM_21_Buttons.csproj" />
    <Project Path="CSharpBible/MVVM_Tutorial/MVVM_21_Buttons/MVVM_21_Buttons_net.csproj" />
    <Project Path="CSharpBible/MVVM_Tutorial/MVVM_22_CTWpfCap/MVVM_22_CTWpfCap.csproj" />
    <Project Path="CSharpBible/MVVM_Tutorial/MVVM_22_CTWpfCap/MVVM_22_CTWpfCap_net.csproj" />
    <Project Path="CSharpBible/MVVM_Tutorial/MVVM_22_CTWpfCapTests/MVVM_22_CTWpfCapTests.csproj" />
    <Project Path="CSharpBible/MVVM_Tutorial/MVVM_22_CTWpfCapTests/MVVM_22_CTWpfCap_netTests.csproj" />
    <Project Path="CSharpBible/MVVM_Tutorial/MVVM_22_WpfCap/MVVM_22_WpfCap.csproj" />
    <Project Path="CSharpBible/MVVM_Tutorial/MVVM_22_WpfCap/MVVM_22_WpfCap_net.csproj" />
    <Project Path="CSharpBible/MVVM_Tutorial/MVVM_22_WpfCapTests/MVVM_22_WpfCapTests.csproj" />
    <Project Path="CSharpBible/MVVM_Tutorial/MVVM_22_WpfCapTests/MVVM_22_WpfCap_netTests.csproj" />
    <Project Path="CSharpBible/MVVM_Tutorial/MVVM_24a_CTUserControl/MVVM_24a_CTUserControl.csproj" />
    <Project Path="CSharpBible/MVVM_Tutorial/MVVM_24a_CTUserControl/MVVM_24a_CTUserControl_net.csproj" />
    <Project Path="CSharpBible/MVVM_Tutorial/MVVM_24a_CTUserControlTests/MVVM_24a_CTUserControlTests.csproj" />
    <Project Path="CSharpBible/MVVM_Tutorial/MVVM_24a_CTUserControlTests/MVVM_24a_CTUserControl_netTests.csproj" />
    <Project Path="CSharpBible/MVVM_Tutorial/MVVM_24b_UserControl/MVVM_24b_UserControl.csproj" />
    <Project Path="CSharpBible/MVVM_Tutorial/MVVM_24b_UserControl/MVVM_24b_UserControl_net.csproj" />
    <Project Path="CSharpBible/MVVM_Tutorial/MVVM_24b_UserControlTests/MVVM_24b_UserControlTests.csproj" />
    <Project Path="CSharpBible/MVVM_Tutorial/MVVM_24b_UserControlTests/MVVM_24b_UserControl_netTests.csproj" />
    <Project Path="CSharpBible/MVVM_Tutorial/MVVM_24c_CTUserControl/MVVM_24c_CTUserControl.csproj" />
    <Project Path="CSharpBible/MVVM_Tutorial/MVVM_24c_CTUserControl/MVVM_24c_CTUserControl_net.csproj" />
    <Project Path="CSharpBible/MVVM_Tutorial/MVVM_24c_CTUserControlTests/MVVM_24c_CTUserControlTests.csproj" />
    <Project Path="CSharpBible/MVVM_Tutorial/MVVM_24c_CTUserControlTests/MVVM_24c_CTUserControl_netTests.csproj" />
    <Project Path="CSharpBible/MVVM_Tutorial/MVVM_24_UserControl/MVVM_24_UserControl.csproj" />
    <Project Path="CSharpBible/MVVM_Tutorial/MVVM_24_UserControl/MVVM_24_UserControl_net.csproj" />
    <Project Path="CSharpBible/MVVM_Tutorial/MVVM_24_UserControlTests/MVVM_24_UserControlTests.csproj" />
    <Project Path="CSharpBible/MVVM_Tutorial/MVVM_24_UserControlTests/MVVM_24_UserControl_netTests.csproj" />
    <Project Path="CSharpBible/MVVM_Tutorial/MVVM_25_RichTextEdit/MVVM_25_RichTextEdit.csproj" />
    <Project Path="CSharpBible/MVVM_Tutorial/MVVM_25_RichTextEdit/MVVM_25_RichTextEdit_net.csproj" />
    <Project Path="CSharpBible/MVVM_Tutorial/MVVM_25_RichTextEditTests/MVVM_25_RichTextEditTests.csproj" />
    <Project Path="CSharpBible/MVVM_Tutorial/MVVM_25_RichTextEditTests/MVVM_25_RichTextEdit_netTests.csproj" />
    <Project Path="CSharpBible/MVVM_Tutorial/MVVM_26_BindingGroupExp/MVVM_26_BindingGroupExp.csproj" />
    <Project Path="CSharpBible/MVVM_Tutorial/MVVM_26_BindingGroupExp/MVVM_26_BindingGroupExp_net.csproj" />
    <Project Path="CSharpBible/MVVM_Tutorial/MVVM_26_CTBindingGroupExp/MVVM_26_CTBindingGroupExp.csproj" />
    <Project Path="CSharpBible/MVVM_Tutorial/MVVM_26_CTBindingGroupExp/MVVM_26_CTBindingGroupExp_net.csproj" />
    <Project Path="CSharpBible/MVVM_Tutorial/MVVM_27_DataGrid/MVVM_27_DataGrid.csproj" />
    <Project Path="CSharpBible/MVVM_Tutorial/MVVM_27_DataGrid/MVVM_27_DataGrid_net.csproj" />
    <Project Path="CSharpBible/MVVM_Tutorial/MVVM_27_DataGridTests/MVVM_27_DataGridTests.csproj" />
    <Project Path="CSharpBible/MVVM_Tutorial/MVVM_27_DataGridTests/MVVM_27_DataGrid_netTests.csproj" />
    <Project Path="CSharpBible/MVVM_Tutorial/MVVM_28_1_CTDataGridExt/MVVM_28_1_CTDataGridExt.csproj" />
    <Project Path="CSharpBible/MVVM_Tutorial/MVVM_28_1_CTDataGridExt/MVVM_28_1_CTDataGridExt_net.csproj" />
    <Project Path="CSharpBible/MVVM_Tutorial/MVVM_28_1_CTDataGridExtTests/MVVM_28_1_CTDataGridExtTests.csproj" />
    <Project Path="CSharpBible/MVVM_Tutorial/MVVM_28_1_CTDataGridExtTests/MVVM_28_1_CTDataGridExt_netTests.csproj" />
    <Project Path="CSharpBible/MVVM_Tutorial/MVVM_28_1_DataGridExt/MVVM_28_1_DataGridExt.csproj" />
    <Project Path="CSharpBible/MVVM_Tutorial/MVVM_28_1_DataGridExt/MVVM_28_1_DataGridExt_net.csproj" />
    <Project Path="CSharpBible/MVVM_Tutorial/MVVM_28_1_DataGridExtTests/MVVM_28_1_DataGridExtTests.csproj" />
    <Project Path="CSharpBible/MVVM_Tutorial/MVVM_28_1_DataGridExtTests/MVVM_28_1_DataGridExt_netTests.csproj" />
    <Project Path="CSharpBible/MVVM_Tutorial/MVVM_28_DataGrid/MVVM_28_DataGrid.csproj" />
    <Project Path="CSharpBible/MVVM_Tutorial/MVVM_28_DataGrid/MVVM_28_DataGrid_net.csproj" />
    <Project Path="CSharpBible/MVVM_Tutorial/MVVM_28_DataGridTests/MVVM_28_DataGridTests.csproj" />
    <Project Path="CSharpBible/MVVM_Tutorial/MVVM_28_DataGridTests/MVVM_28_DataGrid_netTests.csproj" />
    <Project Path="CSharpBible/MVVM_Tutorial/MVVM_31a_CTValidation1/MVVM_31a_CTValidation1.csproj" />
    <Project Path="CSharpBible/MVVM_Tutorial/MVVM_31a_CTValidation1/MVVM_31a_CTValidation1_net.csproj" />
    <Project Path="CSharpBible/MVVM_Tutorial/MVVM_31a_CTValidation1Tests/MVVM_31a_CTValidation1Tests.csproj" />
    <Project Path="CSharpBible/MVVM_Tutorial/MVVM_31a_CTValidation1Tests/MVVM_31a_CTValidation1_netTests.csproj" />
    <Project Path="CSharpBible/MVVM_Tutorial/MVVM_31a_CTValidation2/MVVM_31a_CTValidation2.csproj" />
    <Project Path="CSharpBible/MVVM_Tutorial/MVVM_31a_CTValidation2/MVVM_31a_CTValidation2_net.csproj" />
    <Project Path="CSharpBible/MVVM_Tutorial/MVVM_31a_CTValidation2Tests/MVVM_31a_CTValidation2Tests.csproj" />
    <Project Path="CSharpBible/MVVM_Tutorial/MVVM_31a_CTValidation2Tests/MVVM_31a_CTValidation2_netTests.csproj" />
    <Project Path="CSharpBible/MVVM_Tutorial/MVVM_31a_CTValidation3/MVVM_31a_CTValidation3.csproj" />
    <Project Path="CSharpBible/MVVM_Tutorial/MVVM_31a_CTValidation3/MVVM_31a_CTValidation3_net.csproj" />
    <Project Path="CSharpBible/MVVM_Tutorial/MVVM_31a_CTValidation3Tests/MVVM_31a_CTValidation3Tests.csproj" />
    <Project Path="CSharpBible/MVVM_Tutorial/MVVM_31a_CTValidation3Tests/MVVM_31a_CTValidation3_netTests.csproj" />
    <Project Path="CSharpBible/MVVM_Tutorial/MVVM_31_Validation1/MVVM_31_Validation1.csproj" />
    <Project Path="CSharpBible/MVVM_Tutorial/MVVM_31_Validation1/MVVM_31_Validation1_net.csproj" />
    <Project Path="CSharpBible/MVVM_Tutorial/MVVM_31_Validation1Tests/MVVM_31_Validation1Tests.csproj" />
    <Project Path="CSharpBible/MVVM_Tutorial/MVVM_31_Validation1Tests/MVVM_31_Validation1_netTests.csproj" />
    <Project Path="CSharpBible/MVVM_Tutorial/MVVM_31_Validation2/MVVM_31_Validation2.csproj" />
    <Project Path="CSharpBible/MVVM_Tutorial/MVVM_31_Validation2/MVVM_31_Validation2_net.csproj" />
    <Project Path="CSharpBible/MVVM_Tutorial/MVVM_31_Validation2Tests/MVVM_31_Validation2Tests.csproj" />
    <Project Path="CSharpBible/MVVM_Tutorial/MVVM_31_Validation2Tests/MVVM_31_Validation2_netTests.csproj" />
    <Project Path="CSharpBible/MVVM_Tutorial/MVVM_33a_CTEvents_To_Commands/MVVM_33a_CTEvents_To_Commands.csproj" />
    <Project Path="CSharpBible/MVVM_Tutorial/MVVM_33a_CTEvents_To_Commands/MVVM_33a_CTEvents_To_Commands_net.csproj" />
    <Project Path="CSharpBible/MVVM_Tutorial/MVVM_33a_CTEvents_To_CommandsTests/MVVM_33a_CTEvents_To_CommandsTests.csproj" />
    <Project Path="CSharpBible/MVVM_Tutorial/MVVM_33a_CTEvents_To_CommandsTests/MVVM_33a_CTEvents_To_Commands_netTests.csproj" />
    <Project Path="CSharpBible/MVVM_Tutorial/MVVM_33_Events_to_Commands/MVVM_33_Events_to_Commands.csproj" />
    <Project Path="CSharpBible/MVVM_Tutorial/MVVM_33_Events_to_Commands/MVVM_33_Events_to_Commands_net.csproj" />
    <Project Path="CSharpBible/MVVM_Tutorial/MVVM_33_Events_to_CommandsTests/MVVM_33_Events_to_CommandsTests.csproj" />
    <Project Path="CSharpBible/MVVM_Tutorial/MVVM_33_Events_to_CommandsTests/MVVM_33_Events_to_Commands_netTests.csproj" />
    <Project Path="CSharpBible/MVVM_Tutorial/MVVM_34a_CTBindingEventArgs/MVVM_34a_CTBindingEventArgs.csproj" />
    <Project Path="CSharpBible/MVVM_Tutorial/MVVM_34a_CTBindingEventArgs/MVVM_34a_CTBindingEventArgs_net.csproj" />
    <Project Path="CSharpBible/MVVM_Tutorial/MVVM_34a_CTBindingEventArgsTests/MVVM_34a_CTBindingEventArgsTests.csproj" />
    <Project Path="CSharpBible/MVVM_Tutorial/MVVM_34a_CTBindingEventArgsTests/MVVM_34a_CTBindingEventArgs_netTests.csproj" />
    <Project Path="CSharpBible/MVVM_Tutorial/MVVM_34_BindingEventArgs/MVVM_34_BindingEventArgs.csproj" />
    <Project Path="CSharpBible/MVVM_Tutorial/MVVM_34_BindingEventArgs/MVVM_34_BindingEventArgs_net.csproj" />
    <Project Path="CSharpBible/MVVM_Tutorial/MVVM_34_BindingEventArgsTests/MVVM_34_BindingEventArgsTests.csproj" />
    <Project Path="CSharpBible/MVVM_Tutorial/MVVM_34_BindingEventArgsTests/MVVM_34_BindingEventArgs_netTests.csproj" />
    <Project Path="CSharpBible/MVVM_Tutorial/MVVM_35_CommunityToolkit/MVVM_35_CommunityToolkit.csproj" />
    <Project Path="CSharpBible/MVVM_Tutorial/MVVM_35_CommunityToolkit/MVVM_35_CommunityToolkit_net.csproj" />
    <Project Path="CSharpBible/MVVM_Tutorial/MVVM_35_CommunityToolkitTests/MVVM_35_CommunityToolkitTests.csproj" />
    <Project Path="CSharpBible/MVVM_Tutorial/MVVM_35_CommunityToolkitTests/MVVM_35_CommunityToolkit_netTests.csproj" />
    <Project Path="CSharpBible/MVVM_Tutorial/MVVM_36_ComToolKtSavesWork/MVVM_36_ComToolKtSavesWork.csproj" />
    <Project Path="CSharpBible/MVVM_Tutorial/MVVM_36_ComToolKtSavesWork/MVVM_36_ComToolKtSavesWork_net.csproj" />
    <Project Path="CSharpBible/MVVM_Tutorial/MVVM_36_ComToolKtSavesWorkTests/MVVM_36_ComToolKtSavesWorkTests.csproj" />
    <Project Path="CSharpBible/MVVM_Tutorial/MVVM_36_ComToolKtSavesWorkTests/MVVM_36_ComToolKtSavesWork_netTests.csproj" />
    <Project Path="CSharpBible/MVVM_Tutorial/MVVM_37_TreeView/MVVM_37_TreeView.csproj" />
    <Project Path="CSharpBible/MVVM_Tutorial/MVVM_37_TreeView/MVVM_37_TreeView_net.csproj" />
    <Project Path="CSharpBible/MVVM_Tutorial/MVVM_37_TreeViewTests/MVVM_37_TreeViewTests.csproj" />
    <Project Path="CSharpBible/MVVM_Tutorial/MVVM_37_TreeViewTests/MVVM_37_TreeView_netTests.csproj" />
    <Project Path="CSharpBible/MVVM_Tutorial/MVVM_38_CTDependencyInjection/MVVM_38_CTDependencyInjection.csproj" />
    <Project Path="CSharpBible/MVVM_Tutorial/MVVM_38_CTDependencyInjection/MVVM_38_CTDependencyInjection_net.csproj" />
    <Project Path="CSharpBible/MVVM_Tutorial/MVVM_38_CTDependencyInjectionTests/MVVM_38_CTDependencyInjectionTests.csproj" />
    <Project Path="CSharpBible/MVVM_Tutorial/MVVM_38_CTDependencyInjectionTests/MVVM_38_CTDependencyInjection_netTests.csproj" />
    <Project Path="CSharpBible/MVVM_Tutorial/MVVM_39_MultiModelTest/MVVM_39_MultiModelTest.csproj" />
    <Project Path="CSharpBible/MVVM_Tutorial/MVVM_39_MultiModelTest/MVVM_39_MultiModelTest_net.csproj" />
    <Project Path="CSharpBible/MVVM_Tutorial/MVVM_39_MultiModelTestTests/MVVM_39_MultiModelTestTests.csproj" />
    <Project Path="CSharpBible/MVVM_Tutorial/MVVM_39_MultiModelTestTests/MVVM_39_MultiModelTest_netTests.csproj" />
    <Project Path="CSharpBible/MVVM_Tutorial/MVVM_40_Wizzard/MVVM_40_Wizzard.csproj" />
    <Project Path="CSharpBible/MVVM_Tutorial/MVVM_40_Wizzard/MVVM_40_Wizzard_net.csproj" />
    <Project Path="CSharpBible/MVVM_Tutorial/MVVM_40_WizzardTests/MVVM_40_WizzardTests.csproj" />
    <Project Path="CSharpBible/MVVM_Tutorial/MVVM_40_WizzardTests/MVVM_40_Wizzard_netTests.csproj" />
    <Project Path="CSharpBible/MVVM_Tutorial/MVVM_41_Sudoku/MVVM_41_Sudoku.csproj" />
    <Project Path="CSharpBible/MVVM_Tutorial/MVVM_41_Sudoku/MVVM_41_Sudoku_net.csproj" />
    <Project Path="CSharpBible/MVVM_Tutorial/MVVM_41_SudokuTests/MVVM_41_SudokuTests.csproj" />
    <Project Path="CSharpBible/MVVM_Tutorial/MVVM_41_SudokuTests/MVVM_41_Sudoku_netTests.csproj" />
    <Project Path="CSharpBible/MVVM_Tutorial/MVVM_99_SomeIssue/MVVM_99_SomeIssue.csproj" />
    <Project Path="CSharpBible/MVVM_Tutorial/MVVM_99_SomeIssue/MVVM_99_SomeIssue_net.csproj" />
    <Project Path="CSharpBible/MVVM_Tutorial/MVVM_99_SomeIssueTests/MVVM_99_SomeIssueTests.csproj" />
    <Project Path="CSharpBible/MVVM_Tutorial/MVVM_99_SomeIssueTests/MVVM_99_SomeIssue_netTests.csproj" />
    <Project Path="CSharpBible/MVVM_Tutorial/MVVM_AllExamples/MVVM_AllExamples.csproj" />
    <Project Path="CSharpBible/MVVM_Tutorial/MVVM_AllExamples/MVVM_AllExamples_net.csproj" />
    <Project Path="CSharpBible/MVVM_Tutorial/MVVM_AllExamplesTests/MVVM_AllExamplesTests.csproj" />
    <Project Path="CSharpBible/MVVM_Tutorial/MVVM_AllExamplesTests/MVVM_AllExamples_netTests.csproj" />
    <Project Path="CSharpBible/MVVM_Tutorial/SyncAsyncParallel/SyncAsyncParallel.csproj" />
    <Project Path="CSharpBible/MVVM_Tutorial/SyncAsyncParallel/SyncAsyncParallel_net.csproj" />
    <Project Path="CSharpBible/MVVM_Tutorial/WpfApp1/WpfApp.csproj" />
    <Project Path="CSharpBible/MVVM_Tutorial/WpfApp1/WpfApp_net.csproj" />
    <Project Path="CSharpBible/MVVM_Tutorial/WpfAppTests/WpfAppTests.csproj" />
    <Project Path="CSharpBible/MVVM_Tutorial/WpfAppTests/WpfApp_netTests.csproj" />
    <Project Path="CSharpBible/MVVM_Tutorial/WpfDemoUI/WpfDemoUI.csproj" />
    <Project Path="CSharpBible/MVVM_Tutorial/WpfDemoUI1/WpfDemoUI1.csproj" />
    <Project Path="CSharpBible/MVVM_Tutorial/WpfDemoUI2/WpfDemoUI2.csproj" />
  </Folder>
  <Folder Name="/CSharpBible/Patterns_Tutorial/">
    <Project Path="CSharpBible/Patterns_Tutorial/Pattern_00_Template/Pattern_00_Template.csproj" />
    <Project Path="CSharpBible/Patterns_Tutorial/Pattern_00_Template/Pattern_00_Template_net.csproj" />
    <Project Path="CSharpBible/Patterns_Tutorial/Pattern_00_TemplateTests/Pattern_00_TemplateTests.csproj" />
    <Project Path="CSharpBible/Patterns_Tutorial/Pattern_00_TemplateTests/Pattern_00_Template_netTests.csproj" />
    <Project Path="CSharpBible/Patterns_Tutorial/Pattern_01_Singleton/Pattern_01_Singleton.csproj" />
    <Project Path="CSharpBible/Patterns_Tutorial/Pattern_01_Singleton/Pattern_01_Singleton_net.csproj" />
    <Project Path="CSharpBible/Patterns_Tutorial/Pattern_01_SingletonTests/Pattern_01_SingletonTests.csproj" />
    <Project Path="CSharpBible/Patterns_Tutorial/Pattern_01_SingletonTests/Pattern_01_Singleton_netTests.csproj" />
    <Project Path="CSharpBible/Patterns_Tutorial/Pattern_02_Observer/Pattern_02_Observer.csproj" />
    <Project Path="CSharpBible/Patterns_Tutorial/Pattern_02_Observer/Pattern_02_Observer_net.csproj" />
    <Project Path="CSharpBible/Patterns_Tutorial/Pattern_02_ObserverTests/Pattern_02_ObserverTests.csproj" />
    <Project Path="CSharpBible/Patterns_Tutorial/Pattern_02_ObserverTests/Pattern_02_Observer_netTests.csproj" />
  </Folder>
  <Folder Name="/CSharpBible/SomeThing/">
    <Project Path="CSharpBible/SomeThing/Quine1/Quine1.csproj" />
    <Project Path="CSharpBible/SomeThing/Quine2/Quine2.csproj" />
    <Project Path="CSharpBible/SomeThing/Quine3/Quine3.csproj" />
    <Project Path="CSharpBible/SomeThing/SomeThing/SomeThing.csproj" />
    <Project Path="CSharpBible/SomeThing/SomeThing2/SomeThing2.csproj" />
    <Project Path="CSharpBible/SomeThing/SomeThing2a/SomeThing2a.csproj" />
    <Project Path="CSharpBible/SomeThing/SomeThing2aTests/SomeThing2aTests.csproj" />
    <Project Path="CSharpBible/SomeThing/SomeThing2Tests/SomeThing2Tests.csproj" />
  </Folder>
  <Folder Name="/CSharpBible/Web/">
    <Project Path="CSharpBible/Web/BlazorWasmDocker/BlazorWasmDocker.csproj" />
  </Folder>
  <Folder Name="/CSharpBible/WPFSamples_2/">
    <Project Path="CSharpBible/WPFSamples_2/WPF_AnimationTiming/WPF_AnimationTiming.csproj" />
    <Project Path="CSharpBible/WPFSamples_2/WPF_AnimationTiming/WPF_AnimationTiming_net.csproj" />
    <Project Path="CSharpBible/WPFSamples_2/WPF_AnimationTimingTests/WPF_AnimationTimingTests.csproj" />
    <Project Path="CSharpBible/WPFSamples_2/WPF_AnimationTimingTests/WPF_AnimationTiming_netTests.csproj" />
    <Project Path="CSharpBible/WPFSamples_2/WPF_Complex_Layout/WPF_Complex_Layout.csproj" />
    <Project Path="CSharpBible/WPFSamples_2/WPF_Complex_Layout/WPF_Complex_Layout_net.csproj" />
    <Project Path="CSharpBible/WPFSamples_2/WPF_Complex_LayoutTests/WPF_Complex_LayoutTests.csproj" />
    <Project Path="CSharpBible/WPFSamples_2/WPF_Complex_LayoutTests/WPF_Complex_Layout_netTests.csproj" />
    <Project Path="CSharpBible/WPFSamples_2/WPF_ControlsAndLayout/WPF_ControlsAndLayout.csproj" />
    <Project Path="CSharpBible/WPFSamples_2/WPF_ControlsAndLayout/WPF_ControlsAndLayout_net.csproj" />
    <Project Path="CSharpBible/WPFSamples_2/WPF_ControlsAndLayoutTests/WPF_ControlsAndLayoutTests.csproj" />
    <Project Path="CSharpBible/WPFSamples_2/WPF_ControlsAndLayoutTests/WPF_ControlsAndLayout_netTests.csproj" />
    <Project Path="CSharpBible/WPFSamples_2/WPF_CustomAnimation/WPF_CustomAnimation.csproj" />
    <Project Path="CSharpBible/WPFSamples_2/WPF_CustomAnimation/WPF_CustomAnimation_net.csproj" />
    <Project Path="CSharpBible/WPFSamples_2/WPF_CustomAnimationTests/WPF_CustomAnimationTests.csproj" />
    <Project Path="CSharpBible/WPFSamples_2/WPF_CustomAnimationTests/WPF_CustomAnimation_netTests.csproj" />
    <Project Path="CSharpBible/WPFSamples_2/WPF_Hello_World/WPF_Hello_World.csproj" />
    <Project Path="CSharpBible/WPFSamples_2/WPF_Hello_World/WPF_Hello_World_net.csproj" />
    <Project Path="CSharpBible/WPFSamples_2/WPF_Hello_WorldTests/WPF_Hello_WorldTests.csproj" />
    <Project Path="CSharpBible/WPFSamples_2/WPF_Hello_WorldTests/WPF_Hello_World_netTests.csproj" />
    <Project Path="CSharpBible/WPFSamples_2/WPF_MasterDetail/WPF_MasterDetail.csproj" />
    <Project Path="CSharpBible/WPFSamples_2/WPF_MasterDetail/WPF_MasterDetail_net.csproj" />
    <Project Path="CSharpBible/WPFSamples_2/WPF_MasterDetailTests/WPF_MasterDetailTests.csproj" />
    <Project Path="CSharpBible/WPFSamples_2/WPF_MasterDetailTests/WPF_MasterDetail_netTests.csproj" />
    <Project Path="CSharpBible/WPFSamples_2/WPF_MoveWindow/WPF_MoveWindow.csproj" />
    <Project Path="CSharpBible/WPFSamples_2/WPF_MoveWindow/WPF_MoveWindow_net.csproj" />
    <Project Path="CSharpBible/WPFSamples_2/WPF_MoveWindowTests/WPF_MoveWindowTests.csproj" />
    <Project Path="CSharpBible/WPFSamples_2/WPF_MoveWindowTests/WPF_MoveWindow_netTests.csproj" />
    <Project Path="CSharpBible/WPFSamples_2/WPF_Sample_Template/WPF_Sample_Template.csproj" />
    <Project Path="CSharpBible/WPFSamples_2/WPF_Sample_Template/WPF_Sample_Template_net.csproj" />
    <Project Path="CSharpBible/WPFSamples_2/WPF_Sample_TemplateTests/WPF_Sample_TemplateTests.csproj" />
    <Project Path="CSharpBible/WPFSamples_2/WPF_Sample_TemplateTests/WPF_Sample_Template_netTests.csproj" />
    <Project Path="CSharpBible/WPFSamples_2/WPF_StickyNotesDemo/WPF_StickyNotesDemo.csproj" />
    <Project Path="CSharpBible/WPFSamples_2/WPF_StickyNotesDemo/WPF_StickyNotesDemo_net.csproj" />
    <Project Path="CSharpBible/WPFSamples_2/WPF_StickyNotesDemoTests/WPF_StickyNotesDemoTests.csproj" />
    <Project Path="CSharpBible/WPFSamples_2/WPF_StickyNotesDemoTests/WPF_StickyNotesDemo_netTests.csproj" />
  </Folder>
  <Folder Name="/CSharpProgrammierHandbuch/">
    <Project Path="CSharpProgrammierHandbuch/CGui/CGui.csproj" />
    <Project Path="CSharpProgrammierHandbuch/ConsoleTest/ConsoleTest.csproj" />
    <Project Path="CSharpProgrammierHandbuch/CSharpProgrammierHandbuch/CSharpProgrammierHandbuch.csproj" />
    <Project Path="CSharpProgrammierHandbuch/Fibonacci/Fibonacci.csproj" />
    <Project Path="CSharpProgrammierHandbuch/Fibonacci2/Fibonacci2.csproj" />
    <Project Path="CSharpProgrammierHandbuch/HelloWorld/HelloWorld.csproj" />
    <Project Path="CSharpProgrammierHandbuch/HelloWorldTests/HelloWorldTests.csproj" />
  </Folder>
  <Folder Name="/JC-AMS/">
    <Project Path="JC-AMS/Core.Tests/Core.Tests.csproj" />
    <Project Path="JC-AMS/Core/Core.csproj" />
  </Folder>
  <Folder Name="/NUnitTestProject1/">
    <Project Path="NUnitTestProject1/NUnitTestProject1/NUnitTestProject1.csproj" />
  </Folder>
  <Folder Name="/TestStatements/">
    <Project Path="TestStatements/AppWithPlugin/AppWithPlugin.csproj" />
    <Project Path="TestStatements/AppWithPluginTest/AppWithPluginTest.csproj" />
    <Project Path="TestStatements/AsyncExampleWPF/AsyncExampleWPF.csproj" />
    <Project Path="TestStatements/AsyncExampleWPF/AsyncExampleWPF_net.csproj" />
    <Project Path="TestStatements/CallAllExamples/CallAllExamples.csproj" />
    <Project Path="TestStatements/CallAllExamples/CallAllExamples_net.csproj" />
    <Project Path="TestStatements/ConsoleDI.Example/ConsoleDI.Example.csproj" />
    <Project Path="TestStatements/ctlClockLib/ctlClockLib.csproj" />
    <Project Path="TestStatements/DynamicSample/DynamicSample.csproj" />
    <Project Path="TestStatements/DynamicSample/DynamicSample_net.csproj" />
    <Project Path="TestStatements/HelloPlugin/HelloPlugin.csproj" />
    <Project Path="TestStatements/HelloPluginTest/HelloPluginTest.csproj" />
    <Project Path="TestStatements/PluginBase/PluginBase.csproj" />
    <Project Path="TestStatements/TestClockApp/TestClockApp.csproj" />
    <Project Path="TestStatements/TestNamespaces/TestNamespaces.csproj" />
    <Project Path="TestStatements/TestStatements/TestStatements.csproj" />
    <Project Path="TestStatements/TestStatements/TestStatements_net.csproj" />
    <Project Path="TestStatements/TestStatementsNew/TestStatementsNew.csproj" />
    <Project Path="TestStatements/TestStatementsTest/TestStatementsTest.csproj" />
    <Project Path="TestStatements/TestStatementsTest/TestStatements_netTest.csproj" />
    <Project Path="TestStatements/Tutorials/Tutorials.csproj" />
  </Folder>
  <Folder Name="/Transpiler_pp/">
    <Project Path="Transpiler_pp/TranspilerConsTest/TranspilerConsTest.csproj" />
    <Project Path="Transpiler_pp/TranspilerLib/TranspilerLib.csproj" />
    <Project Path="Transpiler_pp/TranspilerLibTests/TranspilerLibTests.csproj" />
  </Folder>
  <Folder Name="/Transpiler_pp/Analyzer1/">
    <Project Path="Transpiler_pp/Analyzer1/Analyzer1.CodeFixes/Analyzer1.CodeFixes.csproj" />
    <Project Path="Transpiler_pp/Analyzer1/Analyzer1.Package/Analyzer1.Package.csproj" />
    <Project Path="Transpiler_pp/Analyzer1/Analyzer1.Test/Analyzer1.Test.csproj" />
    <Project Path="Transpiler_pp/Analyzer1/Analyzer1.Vsix/Analyzer1.Vsix.csproj" />
    <Project Path="Transpiler_pp/Analyzer1/Analyzer1/Analyzer1.csproj" />
  </Folder>
  <Folder Name="/WinAhnenNew/">
    <Project Path="WinAhnenNew/Gen_BaseItf/Gen_BaseItf.csproj" />
    <Project Path="WinAhnenNew/WinAhnenCls/WinAhnenCls.csproj" />
    <Project Path="WinAhnenNew/WinAhnenClsTests/WinAhnenClsTests.csproj" />
  </Folder>
</Solution>
