<Solution>
  <Folder Name="/Accessability/">
    <Project Path="Avln_MoveWindow/Avln_MoveWindow.csproj" />
    <Project Path="Avln_MoveWindowTests/Avln_MoveWindowTests.csproj" />
  </Folder>
  <Folder Name="/Animation/">
    <Project Path="Avln_AnimationTiming/Avln_AnimationTiming.csproj" />
    <Project Path="Avln_AnimationTimingTests/Avln_AnimationTimingTests.csproj" />
    <Project Path="Avln_CustomAnimation/Avln_CustomAnimation.csproj" />
    <Project Path="WPF_AnimationTiming/WPF_AnimationTiming.csproj" />
    <Project Path="WPF_AnimationTiming/WPF_AnimationTiming_net.csproj" />
    <Project Path="WPF_AnimationTimingTests/WPF_AnimationTimingTests.csproj" />
    <Project Path="WPF_AnimationTimingTests/WPF_AnimationTiming_netTests.csproj" />
    <Project Path="WPF_CustomAnimation/WPF_CustomAnimation.csproj" />
    <Project Path="WPF_CustomAnimation/WPF_CustomAnimation_net.csproj" />
    <Project Path="WPF_CustomAnimationTests/WPF_CustomAnimationTests.csproj" />
    <Project Path="WPF_CustomAnimationTests/WPF_CustomAnimation_netTests.csproj" />
  </Folder>
  <Folder Name="/DataBinding/">
    <Project Path="WPF_MasterDetail/WPF_MasterDetail.csproj" />
    <Project Path="WPF_MasterDetail/WPF_MasterDetail_net.csproj" />
    <Project Path="WPF_MasterDetailTests/WPF_MasterDetailTests.csproj" />
    <Project Path="WPF_MasterDetailTests/WPF_MasterDetail_netTests.csproj" />
  </Folder>
  <Folder Name="/Getting_Started/">
    <Project Path="Avln_Complex_Layout/Avln_Complex_Layout.csproj" />
    <Project Path="Avln_Hello_World/Avln_Hello_World.csproj" />
    <Project Path="Avln_Hello_WorldTests/Avln_Hello_WorldTests.csproj" />
    <Project Path="WPF_Complex_Layout/WPF_Complex_Layout.csproj" />
    <Project Path="WPF_Complex_Layout/WPF_Complex_Layout_net.csproj" />
    <Project Path="WPF_Complex_LayoutTests/WPF_Complex_LayoutTests.csproj" />
    <Project Path="WPF_Complex_LayoutTests/WPF_Complex_Layout_netTests.csproj" />
    <Project Path="WPF_ControlsAndLayout/WPF_ControlsAndLayout.csproj" />
    <Project Path="WPF_ControlsAndLayout/WPF_ControlsAndLayout_net.csproj" />
    <Project Path="WPF_ControlsAndLayoutTests/WPF_ControlsAndLayoutTests.csproj" />
    <Project Path="WPF_ControlsAndLayoutTests/WPF_ControlsAndLayout_netTests.csproj" />
  </Folder>
  <Folder Name="/Graphics/">
    <Project Path="Avln_Brushes/Avln_Brushes.csproj" />
    <Project Path="Avln_Geometry/Avln_Geometry.csproj" />
    <Project Path="Avln_ImageView/Avln_ImageView.csproj" />
    <Project Path="WPF_Brushes/WPF_Brushes.csproj" />
    <Project Path="WPF_Geometry/WPF_Geometry.csproj" />
    <Project Path="WPF_ImageView/WPF_ImageView.csproj" />
  </Folder>
  <Folder Name="/Libraries/">
    <File Path="../Libraries/Libraries.props" />
    <Project Path="../Libraries/Avln_BaseLib/Avln_BaseLib.csproj" />
    <Project Path="../Libraries/Avln_BaseLibTests/Avln_BaseLibTests.csproj" />
    <Project Path="../Libraries/BaseLib/BaseLib.csproj" />
  </Folder>
  <Folder Name="/Migration/">
    <File Path="Migration/Migrate-WpfToAvalonia.ps1" />
  </Folder>
  <Folder Name="/Migration/Config/">
    <File Path="Migration/Config/MigrationConfig.ps1" />
  </Folder>
  <Folder Name="/Migration/Modules/">
    <File Path="Migration/Modules/ConversionFunctions.ps1" />
    <File Path="Migration/Modules/FileConverter.ps1" />
    <File Path="Migration/Modules/ProjectFiles.ps1" />
    <File Path="Migration/Modules/ProjectStructure.ps1" />
    <File Path="Migration/Modules/ResourceHandler.ps1" />
  </Folder>
  <Folder Name="/Projektmappenelemente/">
    <File Path="Avln_Samples.props" />
    <File Path="ReadMe.md" />
    <File Path="WPF_Samples.props" />
    <File Path="WPF_Samples_net.props" />
  </Folder>
  <Folder Name="/Sample Applications/">
    <Project Path="WPF_StickyNotesDemo/WPF_StickyNotesDemo.csproj" />
    <Project Path="WPF_StickyNotesDemo/WPF_StickyNotesDemo_net.csproj" />
    <Project Path="WPF_StickyNotesDemoTests/WPF_StickyNotesDemoTests.csproj" />
    <Project Path="WPF_StickyNotesDemoTests/WPF_StickyNotesDemo_netTests.csproj" />
  </Folder>
  <Folder Name="/Styles &amp; Templates/">
    <File Path="Styles_and_Templates/WPF_Samples.props" />
    <Project Path="Styles_and_Templates/WPF_AlternatingAppearanceOfItems/WPF_AlternatingAppearanceOfItems.csproj" />
    <Project Path="Styles_and_Templates/WPF_ContentControlStyle/WPF_ContentControlStyle.csproj" />
    <Project Path="Styles_and_Templates/WPF_EventTriggers/WPF_EventTriggers.csproj" />
  </Folder>
  <Project Path="Avln_IntegrationTestApp/Avln_IntegrationTestApp.csproj" />
  <Project Path="Avln_RenderDemo/Avln_RenderDemo.csproj" />
  <Project Path="Avln_Sample_Template/Avln_Sample_Template.csproj" />
  <Project Path="Avln_TextTestApp/Avln_TextTestApp.csproj" />
  <Project Path="SampleControls/ControlSamples.Pack.csproj" />
  <Project Path="WPF_Sample_Template/WPF_Sample_Template.csproj" />
  <Project Path="WPF_Sample_Template/WPF_Sample_Template_net.csproj" />
  <Project Path="WPF_Sample_TemplateTests/WPF_Sample_TemplateTests.csproj" />
  <Project Path="WPF_Sample_TemplateTests/WPF_Sample_Template_netTests.csproj" />
</Solution>
