
Microsoft Visual Studio Solution File, Format Version 12.00
# Visual Studio Version 17
VisualStudioVersion = 17.14.36414.22 d17.14
MinimumVisualStudioVersion = 10.0.40219.1
Project("{FAE04EC0-301F-11D3-BF4B-00C04F79EFBC}") = "RepoMigrator.Core", "RepoMigrator\RepoMigrator.Core\RepoMigrator.Core\RepoMigrator.Core.csproj", "{5281BA89-6796-4C3E-8DDA-7A627896AC1A}"
EndProject
Project("{2150E333-8FDC-42A3-9474-1A3956D46DE8}") = "RepoMigrator", "RepoMigrator", "{02EA681E-C7D8-13C7-8484-4AC65E1B71E8}"
	ProjectSection(SolutionItems) = preProject
		Directory.Build.props = Directory.Build.props
	EndProjectSection
EndProject
Project("{FAE04EC0-301F-11D3-BF4B-00C04F79EFBC}") = "RepoMigrator.Providers.Git", "RepoMigrator\RepoMigrator.Providers.Git\RepoMigrator.Providers.Git.csproj", "{387BDBC9-0123-4C86-98FA-FBF66522A4B9}"
EndProject
Project("{FAE04EC0-301F-11D3-BF4B-00C04F79EFBC}") = "RepoMigrator.Providers.Svn", "RepoMigrator\RepoMigrator.Providers.Svn\RepoMigrator.Providers.Svn.csproj", "{0256D739-F882-4F8C-8820-570FB07687AA}"
EndProject
Project("{FAE04EC0-301F-11D3-BF4B-00C04F79EFBC}") = "RepoMigrator.App.Wpf", "RepoMigrator\RepoMigrator.App.Wpf\RepoMigrator.App.Wpf.csproj", "{DB10ACCB-609B-4638-8629-89196580CB43}"
EndProject
Project("{FAE04EC0-301F-11D3-BF4B-00C04F79EFBC}") = "RepoMigrator.Providers.SvnCli", "RepoMigrator\RepoMigrator.Providers.SvnCli\RepoMigrator.Providers.SvnCli.csproj", "{1ECA1A46-7A8B-409C-A5FF-7ABBB38163A7}"
EndProject
Project("{FAE04EC0-301F-11D3-BF4B-00C04F79EFBC}") = "RepoMigrator.Tests", "RepoMigrator\RepoMigrator.Tests\RepoMigrator.Tests.csproj", "{BF48974A-A340-461B-88D4-62CDA8898E53}"
EndProject
Global
	GlobalSection(SolutionConfigurationPlatforms) = preSolution
		Debug|Any CPU = Debug|Any CPU
		Release|Any CPU = Release|Any CPU
	EndGlobalSection
	GlobalSection(ProjectConfigurationPlatforms) = postSolution
		{5281BA89-6796-4C3E-8DDA-7A627896AC1A}.Debug|Any CPU.ActiveCfg = Debug|Any CPU
		{5281BA89-6796-4C3E-8DDA-7A627896AC1A}.Debug|Any CPU.Build.0 = Debug|Any CPU
		{5281BA89-6796-4C3E-8DDA-7A627896AC1A}.Release|Any CPU.ActiveCfg = Release|Any CPU
		{5281BA89-6796-4C3E-8DDA-7A627896AC1A}.Release|Any CPU.Build.0 = Release|Any CPU
		{387BDBC9-0123-4C86-98FA-FBF66522A4B9}.Debug|Any CPU.ActiveCfg = Debug|Any CPU
		{387BDBC9-0123-4C86-98FA-FBF66522A4B9}.Debug|Any CPU.Build.0 = Debug|Any CPU
		{387BDBC9-0123-4C86-98FA-FBF66522A4B9}.Release|Any CPU.ActiveCfg = Release|Any CPU
		{387BDBC9-0123-4C86-98FA-FBF66522A4B9}.Release|Any CPU.Build.0 = Release|Any CPU
		{0256D739-F882-4F8C-8820-570FB07687AA}.Debug|Any CPU.ActiveCfg = Debug|Any CPU
		{0256D739-F882-4F8C-8820-570FB07687AA}.Debug|Any CPU.Build.0 = Debug|Any CPU
		{0256D739-F882-4F8C-8820-570FB07687AA}.Release|Any CPU.ActiveCfg = Release|Any CPU
		{0256D739-F882-4F8C-8820-570FB07687AA}.Release|Any CPU.Build.0 = Release|Any CPU
		{DB10ACCB-609B-4638-8629-89196580CB43}.Debug|Any CPU.ActiveCfg = Debug|Any CPU
		{DB10ACCB-609B-4638-8629-89196580CB43}.Debug|Any CPU.Build.0 = Debug|Any CPU
		{DB10ACCB-609B-4638-8629-89196580CB43}.Release|Any CPU.ActiveCfg = Release|Any CPU
		{DB10ACCB-609B-4638-8629-89196580CB43}.Release|Any CPU.Build.0 = Release|Any CPU
		{1ECA1A46-7A8B-409C-A5FF-7ABBB38163A7}.Debug|Any CPU.ActiveCfg = Debug|Any CPU
		{1ECA1A46-7A8B-409C-A5FF-7ABBB38163A7}.Debug|Any CPU.Build.0 = Debug|Any CPU
		{1ECA1A46-7A8B-409C-A5FF-7ABBB38163A7}.Release|Any CPU.ActiveCfg = Release|Any CPU
		{1ECA1A46-7A8B-409C-A5FF-7ABBB38163A7}.Release|Any CPU.Build.0 = Release|Any CPU
		{BF48974A-A340-461B-88D4-62CDA8898E53}.Debug|Any CPU.ActiveCfg = Debug|Any CPU
		{BF48974A-A340-461B-88D4-62CDA8898E53}.Debug|Any CPU.Build.0 = Debug|Any CPU
		{BF48974A-A340-461B-88D4-62CDA8898E53}.Release|Any CPU.ActiveCfg = Release|Any CPU
		{BF48974A-A340-461B-88D4-62CDA8898E53}.Release|Any CPU.Build.0 = Release|Any CPU
	EndGlobalSection
	GlobalSection(SolutionProperties) = preSolution
		HideSolutionNode = FALSE
	EndGlobalSection
	GlobalSection(NestedProjects) = preSolution
		{5281BA89-6796-4C3E-8DDA-7A627896AC1A} = {02EA681E-C7D8-13C7-8484-4AC65E1B71E8}
		{387BDBC9-0123-4C86-98FA-FBF66522A4B9} = {02EA681E-C7D8-13C7-8484-4AC65E1B71E8}
		{0256D739-F882-4F8C-8820-570FB07687AA} = {02EA681E-C7D8-13C7-8484-4AC65E1B71E8}
		{DB10ACCB-609B-4638-8629-89196580CB43} = {02EA681E-C7D8-13C7-8484-4AC65E1B71E8}
		{1ECA1A46-7A8B-409C-A5FF-7ABBB38163A7} = {02EA681E-C7D8-13C7-8484-4AC65E1B71E8}
		{BF48974A-A340-461B-88D4-62CDA8898E53} = {02EA681E-C7D8-13C7-8484-4AC65E1B71E8}
	EndGlobalSection
	GlobalSection(ExtensibilityGlobals) = postSolution
		SolutionGuid = {128BE64A-28F5-47C5-A045-2352EF09BFBB}
	EndGlobalSection
EndGlobal
