
Microsoft Visual Studio Solution File, Format Version 12.00
# Visual Studio Version 18
VisualStudioVersion = 18.0.11121.172
MinimumVisualStudioVersion = 10.0.40219.1
Project("{2150E333-8FDC-42A3-9474-1A3956D46DE8}") = "Projektmappenelemente", "Projektmappenelemente", "{658BD492-33FF-4995-AAE7-4F6894E92F0C}"
	ProjectSection(SolutionItems) = preProject
		AsciiClock.cs = AsciiClock.cs
		AsciiClock_org.cs = AsciiClock_org.cs
		CONTRIBUTING.md = CONTRIBUTING.md
		Pattern_Tutorial.props = Pattern_Tutorial.props
		Pattern_Tutorial_net.props = Pattern_Tutorial_net.props
		README.md = README.md
		Solution.props = Solution.props
		Solution_net.props = Solution_net.props
	EndProjectSection
EndProject
Project("{2150E333-8FDC-42A3-9474-1A3956D46DE8}") = "Libraries", "Libraries", "{AF041458-CF94-4D6D-BB0F-8BC50F4F099C}"
	ProjectSection(SolutionItems) = preProject
		..\Libraries\Libraries.props = ..\Libraries\Libraries.props
		..\Libraries\Libraries_net.props = ..\Libraries\Libraries_net.props
	EndProjectSection
EndProject
Project("{9A19103F-16F7-4668-BE54-9A1E7A4F7556}") = "BaseLib", "..\Libraries\BaseLib\BaseLib.csproj", "{8F743AFB-85DA-4EF9-A68A-B068E859F30D}"
EndProject
Project("{9A19103F-16F7-4668-BE54-9A1E7A4F7556}") = "BaseLibTests", "..\Libraries\BaseLibTests\BaseLibTests.csproj", "{F1D52606-23D3-4A82-9272-67CFED7BB044}"
EndProject
Project("{2150E333-8FDC-42A3-9474-1A3956D46DE8}") = "Something", "Something", "{1067FA2D-C07E-4E87-8E37-7559EA8B31C9}"
EndProject
Project("{2150E333-8FDC-42A3-9474-1A3956D46DE8}") = "Quine", "Quine", "{248D1A78-625C-46E0-92D2-15193C335773}"
EndProject
Project("{FAE04EC0-301F-11D3-BF4B-00C04F79EFBC}") = "Quine1", "Quine1\Quine1.csproj", "{B7779B0C-53AE-494F-B9C5-23C4C0E7ABF5}"
EndProject
Project("{9A19103F-16F7-4668-BE54-9A1E7A4F7556}") = "SomeThing", "SomeThing\SomeThing.csproj", "{6B81FB6D-FFDD-47AD-B43F-4742421A54D6}"
EndProject
Project("{FAE04EC0-301F-11D3-BF4B-00C04F79EFBC}") = "Quine2", "Quine2\Quine2.csproj", "{A78D932C-608F-4315-A10A-6F016DBB5478}"
EndProject
Project("{9A19103F-16F7-4668-BE54-9A1E7A4F7556}") = "Quine3", "Quine3\Quine3.csproj", "{11B63D8E-2271-45AB-9CC9-7EB1F0EAAAC2}"
EndProject
Project("{FAE04EC0-301F-11D3-BF4B-00C04F79EFBC}") = "Statistik_ausf", "Statistik_ausf\Statistik_ausf.csproj", "{7503C773-D5C4-4F71-8008-CD4CBC65153C}"
EndProject
Project("{FAE04EC0-301F-11D3-BF4B-00C04F79EFBC}") = "Statistik", "Statistik\Statistik.csproj", "{C8EFD9D2-CC26-4F21-8357-AE179CD61607}"
EndProject
Project("{FAE04EC0-301F-11D3-BF4B-00C04F79EFBC}") = "Statistik_Ausf2", "Statistik_Ausf2\Statistik_Ausf2.csproj", "{1E332377-A87E-4060-AA74-B332FBD67BBC}"
EndProject
Project("{FAE04EC0-301F-11D3-BF4B-00C04F79EFBC}") = "Statistik2", "Statistik2\Statistik2.csproj", "{2CB77CD5-EE25-4CE0-B053-775776A645E8}"
EndProject
Project("{FAE04EC0-301F-11D3-BF4B-00C04F79EFBC}") = "Statistic_ausf3", "Statistic_ausf3\Statistic_ausf3.csproj", "{F2E2BA2F-9A0B-4665-ADB5-86E6B998FC65}"
EndProject
Project("{FAE04EC0-301F-11D3-BF4B-00C04F79EFBC}") = "Statistic3", "Statistic3\Statistic3.csproj", "{33927CB3-D525-4144-B426-921FDCBFD750}"
EndProject
Project("{FAE04EC0-301F-11D3-BF4B-00C04F79EFBC}") = "Statistic4", "Statistic4\Statistic4.csproj", "{4C0D7C3D-FCAF-4159-B751-452B503750FB}"
EndProject
Project("{FAE04EC0-301F-11D3-BF4B-00C04F79EFBC}") = "SomeThing2", "SomeThing2\SomeThing2.csproj", "{FDAE09EA-03A2-AD6C-6C39-6027AF5942F3}"
EndProject
Project("{FAE04EC0-301F-11D3-BF4B-00C04F79EFBC}") = "SomeThing2a", "SomeThing2a\SomeThing2a.csproj", "{772F97C7-8A53-874F-D065-EB64A4B7477F}"
EndProject
Project("{FAE04EC0-301F-11D3-BF4B-00C04F79EFBC}") = "ConsoleApp1", "ConsoleApp1\ConsoleApp1.csproj", "{2491CC14-3311-45DB-BBA2-0599C5558CA5}"
EndProject
Project("{FAE04EC0-301F-11D3-BF4B-00C04F79EFBC}") = "ObfuscatedConsole", "ObfuscatedConsole\ObfuscatedConsole.csproj", "{BF44AD6F-FDA4-63EA-0E08-EDE90FCB06F0}"
EndProject
Project("{FAE04EC0-301F-11D3-BF4B-00C04F79EFBC}") = "ConsoleLib", "..\Libraries\ConsoleLib\ConsoleLib.csproj", "{9F32B398-EE9E-B09C-8023-8A8769315037}"
EndProject
Project("{FAE04EC0-301F-11D3-BF4B-00C04F79EFBC}") = "ConsoleDisplay", "..\Libraries\ConsoleDisplay\ConsoleDisplay.csproj", "{60B4EAB6-3CBF-B3F1-056F-725763740EE7}"
EndProject
Project("{FAE04EC0-301F-11D3-BF4B-00C04F79EFBC}") = "BaseLib.Show", "..\Libraries\BaseLib.Show\BaseLib.Show.csproj", "{E0226FE6-4EFB-4545-B13C-C0DC7D9B4323}"
EndProject
Project("{FAE04EC0-301F-11D3-BF4B-00C04F79EFBC}") = "Quine4", "Quine4\Quine4.csproj", "{91F3D415-0111-47AE-BFDD-AF524FAE68CD}"
EndProject
Project("{FAE04EC0-301F-11D3-BF4B-00C04F79EFBC}") = "SelfMaze", "SelfMaze\SelfMaze.csproj", "{6EB906BF-19F7-4F0E-8EF9-F683FB589421}"
EndProject
Project("{FAE04EC0-301F-11D3-BF4B-00C04F79EFBC}") = "Quine5", "Quine5\Quine5.csproj", "{118FDB6D-284F-6611-63EA-47D7FCA58528}"
EndProject
Project("{FAE04EC0-301F-11D3-BF4B-00C04F79EFBC}") = "Quine6", "Quine6\Quine6.csproj", "{BF69795C-3A3A-F9FD-5A02-C47263A66ADE}"
EndProject
Project("{FAE04EC0-301F-11D3-BF4B-00C04F79EFBC}") = "QuineTest", "QuineTest\QuineTest.csproj", "{D8315EA5-17A4-4235-BF2F-C9302F8A9726}"
EndProject
Project("{FAE04EC0-301F-11D3-BF4B-00C04F79EFBC}") = "SurpriseConsole", "SurpriseConsole\SurpriseConsole.csproj", "{6B297265-48A1-9E81-0666-D3A49F88AD82}"
EndProject
Project("{FAE04EC0-301F-11D3-BF4B-00C04F79EFBC}") = "MemoPlus", "MemoPlus\MemoPlus.csproj", "{55BABD01-A653-46BA-9045-B04AC3ECF4FF}"
EndProject
Global
	GlobalSection(SolutionConfigurationPlatforms) = preSolution
		Debug|Any CPU = Debug|Any CPU
		Release|Any CPU = Release|Any CPU
	EndGlobalSection
	GlobalSection(ProjectConfigurationPlatforms) = postSolution
		{8F743AFB-85DA-4EF9-A68A-B068E859F30D}.Debug|Any CPU.ActiveCfg = Debug|Any CPU
		{8F743AFB-85DA-4EF9-A68A-B068E859F30D}.Debug|Any CPU.Build.0 = Debug|Any CPU
		{8F743AFB-85DA-4EF9-A68A-B068E859F30D}.Release|Any CPU.ActiveCfg = Release|Any CPU
		{8F743AFB-85DA-4EF9-A68A-B068E859F30D}.Release|Any CPU.Build.0 = Release|Any CPU
		{F1D52606-23D3-4A82-9272-67CFED7BB044}.Debug|Any CPU.ActiveCfg = Debug|Any CPU
		{F1D52606-23D3-4A82-9272-67CFED7BB044}.Debug|Any CPU.Build.0 = Debug|Any CPU
		{F1D52606-23D3-4A82-9272-67CFED7BB044}.Release|Any CPU.ActiveCfg = Release|Any CPU
		{F1D52606-23D3-4A82-9272-67CFED7BB044}.Release|Any CPU.Build.0 = Release|Any CPU
		{B7779B0C-53AE-494F-B9C5-23C4C0E7ABF5}.Debug|Any CPU.ActiveCfg = Debug|Any CPU
		{B7779B0C-53AE-494F-B9C5-23C4C0E7ABF5}.Debug|Any CPU.Build.0 = Debug|Any CPU
		{B7779B0C-53AE-494F-B9C5-23C4C0E7ABF5}.Release|Any CPU.ActiveCfg = Release|Any CPU
		{B7779B0C-53AE-494F-B9C5-23C4C0E7ABF5}.Release|Any CPU.Build.0 = Release|Any CPU
		{6B81FB6D-FFDD-47AD-B43F-4742421A54D6}.Debug|Any CPU.ActiveCfg = Debug|Any CPU
		{6B81FB6D-FFDD-47AD-B43F-4742421A54D6}.Debug|Any CPU.Build.0 = Debug|Any CPU
		{6B81FB6D-FFDD-47AD-B43F-4742421A54D6}.Release|Any CPU.ActiveCfg = Release|Any CPU
		{6B81FB6D-FFDD-47AD-B43F-4742421A54D6}.Release|Any CPU.Build.0 = Release|Any CPU
		{A78D932C-608F-4315-A10A-6F016DBB5478}.Debug|Any CPU.ActiveCfg = Debug|Any CPU
		{A78D932C-608F-4315-A10A-6F016DBB5478}.Debug|Any CPU.Build.0 = Debug|Any CPU
		{A78D932C-608F-4315-A10A-6F016DBB5478}.Release|Any CPU.ActiveCfg = Release|Any CPU
		{A78D932C-608F-4315-A10A-6F016DBB5478}.Release|Any CPU.Build.0 = Release|Any CPU
		{11B63D8E-2271-45AB-9CC9-7EB1F0EAAAC2}.Debug|Any CPU.ActiveCfg = Debug|Any CPU
		{11B63D8E-2271-45AB-9CC9-7EB1F0EAAAC2}.Debug|Any CPU.Build.0 = Debug|Any CPU
		{11B63D8E-2271-45AB-9CC9-7EB1F0EAAAC2}.Release|Any CPU.ActiveCfg = Release|Any CPU
		{11B63D8E-2271-45AB-9CC9-7EB1F0EAAAC2}.Release|Any CPU.Build.0 = Release|Any CPU
		{7503C773-D5C4-4F71-8008-CD4CBC65153C}.Debug|Any CPU.ActiveCfg = Debug|Any CPU
		{7503C773-D5C4-4F71-8008-CD4CBC65153C}.Debug|Any CPU.Build.0 = Debug|Any CPU
		{7503C773-D5C4-4F71-8008-CD4CBC65153C}.Release|Any CPU.ActiveCfg = Release|Any CPU
		{7503C773-D5C4-4F71-8008-CD4CBC65153C}.Release|Any CPU.Build.0 = Release|Any CPU
		{C8EFD9D2-CC26-4F21-8357-AE179CD61607}.Debug|Any CPU.ActiveCfg = Debug|Any CPU
		{C8EFD9D2-CC26-4F21-8357-AE179CD61607}.Debug|Any CPU.Build.0 = Debug|Any CPU
		{C8EFD9D2-CC26-4F21-8357-AE179CD61607}.Release|Any CPU.ActiveCfg = Release|Any CPU
		{C8EFD9D2-CC26-4F21-8357-AE179CD61607}.Release|Any CPU.Build.0 = Release|Any CPU
		{1E332377-A87E-4060-AA74-B332FBD67BBC}.Debug|Any CPU.ActiveCfg = Debug|Any CPU
		{1E332377-A87E-4060-AA74-B332FBD67BBC}.Debug|Any CPU.Build.0 = Debug|Any CPU
		{1E332377-A87E-4060-AA74-B332FBD67BBC}.Release|Any CPU.ActiveCfg = Release|Any CPU
		{1E332377-A87E-4060-AA74-B332FBD67BBC}.Release|Any CPU.Build.0 = Release|Any CPU
		{2CB77CD5-EE25-4CE0-B053-775776A645E8}.Debug|Any CPU.ActiveCfg = Debug|Any CPU
		{2CB77CD5-EE25-4CE0-B053-775776A645E8}.Debug|Any CPU.Build.0 = Debug|Any CPU
		{2CB77CD5-EE25-4CE0-B053-775776A645E8}.Release|Any CPU.ActiveCfg = Release|Any CPU
		{2CB77CD5-EE25-4CE0-B053-775776A645E8}.Release|Any CPU.Build.0 = Release|Any CPU
		{F2E2BA2F-9A0B-4665-ADB5-86E6B998FC65}.Debug|Any CPU.ActiveCfg = Debug|Any CPU
		{F2E2BA2F-9A0B-4665-ADB5-86E6B998FC65}.Debug|Any CPU.Build.0 = Debug|Any CPU
		{F2E2BA2F-9A0B-4665-ADB5-86E6B998FC65}.Release|Any CPU.ActiveCfg = Release|Any CPU
		{F2E2BA2F-9A0B-4665-ADB5-86E6B998FC65}.Release|Any CPU.Build.0 = Release|Any CPU
		{33927CB3-D525-4144-B426-921FDCBFD750}.Debug|Any CPU.ActiveCfg = Debug|Any CPU
		{33927CB3-D525-4144-B426-921FDCBFD750}.Debug|Any CPU.Build.0 = Debug|Any CPU
		{33927CB3-D525-4144-B426-921FDCBFD750}.Release|Any CPU.ActiveCfg = Release|Any CPU
		{33927CB3-D525-4144-B426-921FDCBFD750}.Release|Any CPU.Build.0 = Release|Any CPU
		{4C0D7C3D-FCAF-4159-B751-452B503750FB}.Debug|Any CPU.ActiveCfg = Debug|Any CPU
		{4C0D7C3D-FCAF-4159-B751-452B503750FB}.Debug|Any CPU.Build.0 = Debug|Any CPU
		{4C0D7C3D-FCAF-4159-B751-452B503750FB}.Release|Any CPU.ActiveCfg = Release|Any CPU
		{4C0D7C3D-FCAF-4159-B751-452B503750FB}.Release|Any CPU.Build.0 = Release|Any CPU
		{FDAE09EA-03A2-AD6C-6C39-6027AF5942F3}.Debug|Any CPU.ActiveCfg = Debug|Any CPU
		{FDAE09EA-03A2-AD6C-6C39-6027AF5942F3}.Debug|Any CPU.Build.0 = Debug|Any CPU
		{FDAE09EA-03A2-AD6C-6C39-6027AF5942F3}.Release|Any CPU.ActiveCfg = Release|Any CPU
		{FDAE09EA-03A2-AD6C-6C39-6027AF5942F3}.Release|Any CPU.Build.0 = Release|Any CPU
		{772F97C7-8A53-874F-D065-EB64A4B7477F}.Debug|Any CPU.ActiveCfg = Debug|Any CPU
		{772F97C7-8A53-874F-D065-EB64A4B7477F}.Debug|Any CPU.Build.0 = Debug|Any CPU
		{772F97C7-8A53-874F-D065-EB64A4B7477F}.Release|Any CPU.ActiveCfg = Release|Any CPU
		{772F97C7-8A53-874F-D065-EB64A4B7477F}.Release|Any CPU.Build.0 = Release|Any CPU
		{2491CC14-3311-45DB-BBA2-0599C5558CA5}.Debug|Any CPU.ActiveCfg = Debug|Any CPU
		{2491CC14-3311-45DB-BBA2-0599C5558CA5}.Debug|Any CPU.Build.0 = Debug|Any CPU
		{2491CC14-3311-45DB-BBA2-0599C5558CA5}.Release|Any CPU.ActiveCfg = Release|Any CPU
		{2491CC14-3311-45DB-BBA2-0599C5558CA5}.Release|Any CPU.Build.0 = Release|Any CPU
		{BF44AD6F-FDA4-63EA-0E08-EDE90FCB06F0}.Debug|Any CPU.ActiveCfg = Debug|Any CPU
		{BF44AD6F-FDA4-63EA-0E08-EDE90FCB06F0}.Debug|Any CPU.Build.0 = Debug|Any CPU
		{BF44AD6F-FDA4-63EA-0E08-EDE90FCB06F0}.Release|Any CPU.ActiveCfg = Release|Any CPU
		{BF44AD6F-FDA4-63EA-0E08-EDE90FCB06F0}.Release|Any CPU.Build.0 = Release|Any CPU
		{9F32B398-EE9E-B09C-8023-8A8769315037}.Debug|Any CPU.ActiveCfg = Debug|Any CPU
		{9F32B398-EE9E-B09C-8023-8A8769315037}.Debug|Any CPU.Build.0 = Debug|Any CPU
		{9F32B398-EE9E-B09C-8023-8A8769315037}.Release|Any CPU.ActiveCfg = Release|Any CPU
		{9F32B398-EE9E-B09C-8023-8A8769315037}.Release|Any CPU.Build.0 = Release|Any CPU
		{60B4EAB6-3CBF-B3F1-056F-725763740EE7}.Debug|Any CPU.ActiveCfg = Debug|Any CPU
		{60B4EAB6-3CBF-B3F1-056F-725763740EE7}.Debug|Any CPU.Build.0 = Debug|Any CPU
		{60B4EAB6-3CBF-B3F1-056F-725763740EE7}.Release|Any CPU.ActiveCfg = Release|Any CPU
		{60B4EAB6-3CBF-B3F1-056F-725763740EE7}.Release|Any CPU.Build.0 = Release|Any CPU
		{E0226FE6-4EFB-4545-B13C-C0DC7D9B4323}.Debug|Any CPU.ActiveCfg = Debug|Any CPU
		{E0226FE6-4EFB-4545-B13C-C0DC7D9B4323}.Debug|Any CPU.Build.0 = Debug|Any CPU
		{E0226FE6-4EFB-4545-B13C-C0DC7D9B4323}.Release|Any CPU.ActiveCfg = Release|Any CPU
		{E0226FE6-4EFB-4545-B13C-C0DC7D9B4323}.Release|Any CPU.Build.0 = Release|Any CPU
		{91F3D415-0111-47AE-BFDD-AF524FAE68CD}.Debug|Any CPU.ActiveCfg = Debug|Any CPU
		{91F3D415-0111-47AE-BFDD-AF524FAE68CD}.Debug|Any CPU.Build.0 = Debug|Any CPU
		{91F3D415-0111-47AE-BFDD-AF524FAE68CD}.Release|Any CPU.ActiveCfg = Release|Any CPU
		{91F3D415-0111-47AE-BFDD-AF524FAE68CD}.Release|Any CPU.Build.0 = Release|Any CPU
		{6EB906BF-19F7-4F0E-8EF9-F683FB589421}.Debug|Any CPU.ActiveCfg = Debug|Any CPU
		{6EB906BF-19F7-4F0E-8EF9-F683FB589421}.Debug|Any CPU.Build.0 = Debug|Any CPU
		{6EB906BF-19F7-4F0E-8EF9-F683FB589421}.Release|Any CPU.ActiveCfg = Release|Any CPU
		{6EB906BF-19F7-4F0E-8EF9-F683FB589421}.Release|Any CPU.Build.0 = Release|Any CPU
		{118FDB6D-284F-6611-63EA-47D7FCA58528}.Debug|Any CPU.ActiveCfg = Debug|Any CPU
		{118FDB6D-284F-6611-63EA-47D7FCA58528}.Debug|Any CPU.Build.0 = Debug|Any CPU
		{118FDB6D-284F-6611-63EA-47D7FCA58528}.Release|Any CPU.ActiveCfg = Release|Any CPU
		{118FDB6D-284F-6611-63EA-47D7FCA58528}.Release|Any CPU.Build.0 = Release|Any CPU
		{BF69795C-3A3A-F9FD-5A02-C47263A66ADE}.Debug|Any CPU.ActiveCfg = Debug|Any CPU
		{BF69795C-3A3A-F9FD-5A02-C47263A66ADE}.Debug|Any CPU.Build.0 = Debug|Any CPU
		{BF69795C-3A3A-F9FD-5A02-C47263A66ADE}.Release|Any CPU.ActiveCfg = Release|Any CPU
		{BF69795C-3A3A-F9FD-5A02-C47263A66ADE}.Release|Any CPU.Build.0 = Release|Any CPU
		{D8315EA5-17A4-4235-BF2F-C9302F8A9726}.Debug|Any CPU.ActiveCfg = Debug|Any CPU
		{D8315EA5-17A4-4235-BF2F-C9302F8A9726}.Debug|Any CPU.Build.0 = Debug|Any CPU
		{D8315EA5-17A4-4235-BF2F-C9302F8A9726}.Release|Any CPU.ActiveCfg = Release|Any CPU
		{D8315EA5-17A4-4235-BF2F-C9302F8A9726}.Release|Any CPU.Build.0 = Release|Any CPU
		{6B297265-48A1-9E81-0666-D3A49F88AD82}.Debug|Any CPU.ActiveCfg = Debug|Any CPU
		{6B297265-48A1-9E81-0666-D3A49F88AD82}.Debug|Any CPU.Build.0 = Debug|Any CPU
		{6B297265-48A1-9E81-0666-D3A49F88AD82}.Release|Any CPU.ActiveCfg = Release|Any CPU
		{6B297265-48A1-9E81-0666-D3A49F88AD82}.Release|Any CPU.Build.0 = Release|Any CPU
		{55BABD01-A653-46BA-9045-B04AC3ECF4FF}.Debug|Any CPU.ActiveCfg = Debug|Any CPU
		{55BABD01-A653-46BA-9045-B04AC3ECF4FF}.Debug|Any CPU.Build.0 = Debug|Any CPU
		{55BABD01-A653-46BA-9045-B04AC3ECF4FF}.Release|Any CPU.ActiveCfg = Release|Any CPU
		{55BABD01-A653-46BA-9045-B04AC3ECF4FF}.Release|Any CPU.Build.0 = Release|Any CPU
	EndGlobalSection
	GlobalSection(SolutionProperties) = preSolution
		HideSolutionNode = FALSE
	EndGlobalSection
	GlobalSection(NestedProjects) = preSolution
		{8F743AFB-85DA-4EF9-A68A-B068E859F30D} = {AF041458-CF94-4D6D-BB0F-8BC50F4F099C}
		{F1D52606-23D3-4A82-9272-67CFED7BB044} = {AF041458-CF94-4D6D-BB0F-8BC50F4F099C}
		{B7779B0C-53AE-494F-B9C5-23C4C0E7ABF5} = {248D1A78-625C-46E0-92D2-15193C335773}
		{6B81FB6D-FFDD-47AD-B43F-4742421A54D6} = {1067FA2D-C07E-4E87-8E37-7559EA8B31C9}
		{A78D932C-608F-4315-A10A-6F016DBB5478} = {248D1A78-625C-46E0-92D2-15193C335773}
		{11B63D8E-2271-45AB-9CC9-7EB1F0EAAAC2} = {248D1A78-625C-46E0-92D2-15193C335773}
		{7503C773-D5C4-4F71-8008-CD4CBC65153C} = {1067FA2D-C07E-4E87-8E37-7559EA8B31C9}
		{C8EFD9D2-CC26-4F21-8357-AE179CD61607} = {1067FA2D-C07E-4E87-8E37-7559EA8B31C9}
		{1E332377-A87E-4060-AA74-B332FBD67BBC} = {1067FA2D-C07E-4E87-8E37-7559EA8B31C9}
		{2CB77CD5-EE25-4CE0-B053-775776A645E8} = {1067FA2D-C07E-4E87-8E37-7559EA8B31C9}
		{F2E2BA2F-9A0B-4665-ADB5-86E6B998FC65} = {1067FA2D-C07E-4E87-8E37-7559EA8B31C9}
		{33927CB3-D525-4144-B426-921FDCBFD750} = {1067FA2D-C07E-4E87-8E37-7559EA8B31C9}
		{4C0D7C3D-FCAF-4159-B751-452B503750FB} = {1067FA2D-C07E-4E87-8E37-7559EA8B31C9}
		{FDAE09EA-03A2-AD6C-6C39-6027AF5942F3} = {1067FA2D-C07E-4E87-8E37-7559EA8B31C9}
		{772F97C7-8A53-874F-D065-EB64A4B7477F} = {1067FA2D-C07E-4E87-8E37-7559EA8B31C9}
		{2491CC14-3311-45DB-BBA2-0599C5558CA5} = {1067FA2D-C07E-4E87-8E37-7559EA8B31C9}
		{BF44AD6F-FDA4-63EA-0E08-EDE90FCB06F0} = {1067FA2D-C07E-4E87-8E37-7559EA8B31C9}
		{9F32B398-EE9E-B09C-8023-8A8769315037} = {AF041458-CF94-4D6D-BB0F-8BC50F4F099C}
		{60B4EAB6-3CBF-B3F1-056F-725763740EE7} = {AF041458-CF94-4D6D-BB0F-8BC50F4F099C}
		{E0226FE6-4EFB-4545-B13C-C0DC7D9B4323} = {AF041458-CF94-4D6D-BB0F-8BC50F4F099C}
		{91F3D415-0111-47AE-BFDD-AF524FAE68CD} = {248D1A78-625C-46E0-92D2-15193C335773}
		{6EB906BF-19F7-4F0E-8EF9-F683FB589421} = {1067FA2D-C07E-4E87-8E37-7559EA8B31C9}
		{118FDB6D-284F-6611-63EA-47D7FCA58528} = {248D1A78-625C-46E0-92D2-15193C335773}
		{BF69795C-3A3A-F9FD-5A02-C47263A66ADE} = {248D1A78-625C-46E0-92D2-15193C335773}
		{D8315EA5-17A4-4235-BF2F-C9302F8A9726} = {248D1A78-625C-46E0-92D2-15193C335773}
		{6B297265-48A1-9E81-0666-D3A49F88AD82} = {1067FA2D-C07E-4E87-8E37-7559EA8B31C9}
		{55BABD01-A653-46BA-9045-B04AC3ECF4FF} = {1067FA2D-C07E-4E87-8E37-7559EA8B31C9}
	EndGlobalSection
	GlobalSection(ExtensibilityGlobals) = postSolution
		SolutionGuid = {3E467667-4F27-4777-8092-287F0B5D8ED5}
	EndGlobalSection
EndGlobal
