
Microsoft Visual Studio Solution File, Format Version 12.00
# Visual Studio Version 17
VisualStudioVersion = 17.3.32901.215
MinimumVisualStudioVersion = 10.0.40219.1
Project("{9A19103F-16F7-4668-BE54-9A1E7A4F7556}") = "Core", "Core\Core.csproj", "{6BDC9E8D-0C69-4B7E-846E-52DAB0D0A947}"
EndProject
Project("{9A19103F-16F7-4668-BE54-9A1E7A4F7556}") = "Core.Tests", "Core.Tests\Core.Tests.csproj", "{9CF716A4-D317-4747-919E-747B03B7A8D6}"
EndProject
Global
	GlobalSection(SolutionConfigurationPlatforms) = preSolution
		Debug|Any CPU = Debug|Any CPU
		Debug|x64 = Debug|x64
		Release|Any CPU = Release|Any CPU
		Release|x64 = Release|x64
	EndGlobalSection
	GlobalSection(ProjectConfigurationPlatforms) = postSolution
		{6BDC9E8D-0C69-4B7E-846E-52DAB0D0A947}.Debug|Any CPU.ActiveCfg = Debug|Any CPU
		{6BDC9E8D-0C69-4B7E-846E-52DAB0D0A947}.Debug|Any CPU.Build.0 = Debug|Any CPU
		{6BDC9E8D-0C69-4B7E-846E-52DAB0D0A947}.Debug|x64.ActiveCfg = Debug|Any CPU
		{6BDC9E8D-0C69-4B7E-846E-52DAB0D0A947}.Debug|x64.Build.0 = Debug|Any CPU
		{6BDC9E8D-0C69-4B7E-846E-52DAB0D0A947}.Release|Any CPU.ActiveCfg = Release|Any CPU
		{6BDC9E8D-0C69-4B7E-846E-52DAB0D0A947}.Release|Any CPU.Build.0 = Release|Any CPU
		{6BDC9E8D-0C69-4B7E-846E-52DAB0D0A947}.Release|x64.ActiveCfg = Release|x64
		{6BDC9E8D-0C69-4B7E-846E-52DAB0D0A947}.Release|x64.Build.0 = Release|x64
		{9CF716A4-D317-4747-919E-747B03B7A8D6}.Debug|Any CPU.ActiveCfg = Debug|Any CPU
		{9CF716A4-D317-4747-919E-747B03B7A8D6}.Debug|Any CPU.Build.0 = Debug|Any CPU
		{9CF716A4-D317-4747-919E-747B03B7A8D6}.Debug|x64.ActiveCfg = Debug|Any CPU
		{9CF716A4-D317-4747-919E-747B03B7A8D6}.Debug|x64.Build.0 = Debug|Any CPU
		{9CF716A4-D317-4747-919E-747B03B7A8D6}.Release|Any CPU.ActiveCfg = Release|Any CPU
		{9CF716A4-D317-4747-919E-747B03B7A8D6}.Release|Any CPU.Build.0 = Release|Any CPU
		{9CF716A4-D317-4747-919E-747B03B7A8D6}.Release|x64.ActiveCfg = Release|Any CPU
		{9CF716A4-D317-4747-919E-747B03B7A8D6}.Release|x64.Build.0 = Release|Any CPU
	EndGlobalSection
	GlobalSection(SolutionProperties) = preSolution
		HideSolutionNode = FALSE
	EndGlobalSection
	GlobalSection(ExtensibilityGlobals) = postSolution
		SolutionGuid = {8CA9E7CE-CFCC-467D-B437-BB200B871358}
	EndGlobalSection
EndGlobal
