<Solution>
  <Folder Name="/Projektmappenelemente/">
    <File Path="Application.props" />
    <File Path="Directory.Packages.props" />
  </Folder>
  <Folder Name="/UpDir/">
    <File Path="../Solution.props" />
  </Folder>
  <Project Path="Avalonia_App02/Avalonia_App02.csproj" />
  <Project Path="Avalonia_App02Tests/Avalonia_App02Tests.csproj" />
</Solution>
