
Microsoft Visual Studio Solution File, Format Version 12.00
# Visual Studio Version 17
VisualStudioVersion = 17.6.33815.320
MinimumVisualStudioVersion = 10.0.40219.1
Project("{9A19103F-16F7-4668-BE54-9A1E7A4F7556}") = "GenFreeWin", "GenFreeWin\GenFreeWin.csproj", "{91C4CEA9-5E18-4B23-950F-CAC0E34A2F1D}"
EndProject
Project("{9A19103F-16F7-4668-BE54-9A1E7A4F7556}") = "GPUpd1", "GPUpd1\GPUpd1.csproj", "{FFD65393-61AB-4B9F-9762-0014659B4B78}"
EndProject
Project("{2150E333-8FDC-42A3-9474-1A3956D46DE8}") = "Projektmappenelemente", "Projektmappenelemente", "{BBF68FEC-4602-4230-BF49-B29995BF8BBB}"
	ProjectSection(SolutionItems) = preProject
		GenFreeWin.props = GenFreeWin.props
	EndProjectSection
EndProject
Project("{9A19103F-16F7-4668-BE54-9A1E7A4F7556}") = "druck", "Druck\druck.csproj", "{62539906-8AC0-4F7F-9F2F-267DB84B2789}"
EndProject
Project("{9A19103F-16F7-4668-BE54-9A1E7A4F7556}") = "Interop.DAO", "DAO\Interop.DAO.csproj", "{9FD95507-1225-41E0-AD8E-EC84E1E1AA35}"
EndProject
Project("{9A19103F-16F7-4668-BE54-9A1E7A4F7556}") = "Interop.DAO_win", "DAO\Interop.DAO_win.csproj", "{7CEB7487-A461-410F-9336-780DD6A319C1}"
EndProject
Project("{9A19103F-16F7-4668-BE54-9A1E7A4F7556}") = "GenFreeWinTests", "GenFreeWinTests\GenFreeWinTests.csproj", "{B5FB7663-7D66-439B-866A-ECC27DA29079}"
	ProjectSection(ProjectDependencies) = postProject
		{344EEF76-9D81-49D3-9EB5-1F629EDFBD14} = {344EEF76-9D81-49D3-9EB5-1F629EDFBD14}
	EndProjectSection
EndProject
Project("{9A19103F-16F7-4668-BE54-9A1E7A4F7556}") = "WinAhnenCls", "HejLib\WinAhnenCls.csproj", "{D3177C53-FFF3-432A-AE35-2AB870E644B4}"
EndProject
Project("{9A19103F-16F7-4668-BE54-9A1E7A4F7556}") = "WinAhnenClsTests", "WinAhnenClsTests\WinAhnenClsTests.csproj", "{97DE52C7-0B86-43E6-B046-BF5E7B9A7B8D}"
EndProject
Project("{9A19103F-16F7-4668-BE54-9A1E7A4F7556}") = "mdbTool", "mdbTool\mdbTool.csproj", "{6F399584-B25A-4F10-8838-A65C7BDC737F}"
EndProject
Project("{9A19103F-16F7-4668-BE54-9A1E7A4F7556}") = "MdbBrowser", "MdbBrowser\MdbBrowser.csproj", "{0C66B179-B65C-425E-B28E-36F03A1DA4C4}"
EndProject
Project("{FAE04EC0-301F-11D3-BF4B-00C04F79EFBC}") = "MdbBrowser2", "MdbBrowser\MdbBrowser2.csproj", "{B69D2514-586E-4E9C-9E2C-D9191754393B}"
EndProject
Project("{9A19103F-16F7-4668-BE54-9A1E7A4F7556}") = "VBUnObfusicator", "VBUnObfusicator\VBUnObfusicator.csproj", "{EBC6E341-9362-44A1-8979-D041EAEF15B2}"
EndProject
Project("{9A19103F-16F7-4668-BE54-9A1E7A4F7556}") = "VBUnObfusicatorTests", "VBUnObfusicatorTests\VBUnObfusicatorTests.csproj", "{20C8B149-A9E3-4105-8074-A4CBE4691BAE}"
EndProject
Project("{9A19103F-16F7-4668-BE54-9A1E7A4F7556}") = "MdbBrowserTests", "MdbBrowserTests\MdbBrowserTests.csproj", "{458F102A-7BFD-4DBB-B036-61AAE8A081E2}"
EndProject
Project("{2150E333-8FDC-42A3-9474-1A3956D46DE8}") = "Libraries", "Libraries", "{DDC1E0CB-8182-454A-8B2B-2F2CF9A2059B}"
	ProjectSection(SolutionItems) = preProject
		..\CSharpBible\Libraries\.info = ..\CSharpBible\Libraries\.info
		..\CSharpBible\Libraries\Libraries.props = ..\CSharpBible\Libraries\Libraries.props
		..\CSharpBible\Libraries\Libraries_net.props = ..\CSharpBible\Libraries\Libraries_net.props
	EndProjectSection
EndProject
Project("{9A19103F-16F7-4668-BE54-9A1E7A4F7556}") = "MVVM_BaseLib", "..\CSharpBible\Libraries\MVVM_BaseLib\MVVM_BaseLib.csproj", "{9EA5AE42-4A78-4D73-A9A3-29EDD88A18F6}"
EndProject
Project("{9A19103F-16F7-4668-BE54-9A1E7A4F7556}") = "MVVM_BaseLib_net", "..\CSharpBible\Libraries\MVVM_BaseLib\MVVM_BaseLib_net.csproj", "{043D82CE-DE0D-4C15-A0B8-09809B28B543}"
EndProject
Project("{9A19103F-16F7-4668-BE54-9A1E7A4F7556}") = "MVVM_BaseLibTests", "..\CSharpBible\Libraries\MVVM_BaseLibTests\MVVM_BaseLibTests.csproj", "{344EEF76-9D81-49D3-9EB5-1F629EDFBD14}"
EndProject
Project("{9A19103F-16F7-4668-BE54-9A1E7A4F7556}") = "MVVM_BaseLibTests_net", "..\CSharpBible\Libraries\MVVM_BaseLibTests\MVVM_BaseLibTests_net.csproj", "{D0D60A2C-7329-46AE-9229-AF73D7CE1058}"
EndProject
Project("{2150E333-8FDC-42A3-9474-1A3956D46DE8}") = "Solution Items", "Solution Items", "{2EB874EF-C516-4C1C-8CD7-26EB15CA80E1}"
	ProjectSection(SolutionItems) = preProject
		.editorconfig = .editorconfig
	EndProjectSection
EndProject
Project("{9A19103F-16F7-4668-BE54-9A1E7A4F7556}") = "gedles", "GedLes\gedles.csproj", "{FC6A0595-BB07-4987-8205-C2A57345199D}"
EndProject
Project("{2150E333-8FDC-42A3-9474-1A3956D46DE8}") = "GenFree", "GenFree", "{2365079F-BDCB-455D-BEB4-9C5D270B2E7A}"
EndProject
Project("{9A19103F-16F7-4668-BE54-9A1E7A4F7556}") = "GenFreeBase", "GenFreeBase\GenFreeBase.csproj", "{DEDE273F-5CF8-4954-B350-74C0D95BE2C3}"
EndProject
Project("{9A19103F-16F7-4668-BE54-9A1E7A4F7556}") = "GenFreeHelper", "GenFreeHelper\GenFreeHelper.csproj", "{2AA84762-09B1-4BC4-BB41-DCE0E7C45E53}"
EndProject
Project("{9A19103F-16F7-4668-BE54-9A1E7A4F7556}") = "GenFreeData", "GenFreeData\GenFreeData.csproj", "{0F78A43F-CDDB-4310-A7B9-AAAB16E53261}"
EndProject
Project("{9A19103F-16F7-4668-BE54-9A1E7A4F7556}") = "GenFreeHelperTests", "GenFreeHelperTests\GenFreeHelperTests.csproj", "{8C4D8881-9960-4E92-BCBB-B4C1F0A56E5F}"
EndProject
Project("{FAE04EC0-301F-11D3-BF4B-00C04F79EFBC}") = "GenFreeDataTests", "GenFreeDataTests\GenFreeDataTests.csproj", "{4DC761EE-6579-4030-97B9-0558A2A44A3F}"
EndProject
Global
	GlobalSection(SolutionConfigurationPlatforms) = preSolution
		Debug|Any CPU = Debug|Any CPU
		Release|Any CPU = Release|Any CPU
	EndGlobalSection
	GlobalSection(ProjectConfigurationPlatforms) = postSolution
		{91C4CEA9-5E18-4B23-950F-CAC0E34A2F1D}.Debug|Any CPU.ActiveCfg = Debug|Any CPU
		{91C4CEA9-5E18-4B23-950F-CAC0E34A2F1D}.Debug|Any CPU.Build.0 = Debug|Any CPU
		{91C4CEA9-5E18-4B23-950F-CAC0E34A2F1D}.Release|Any CPU.ActiveCfg = Release|Any CPU
		{91C4CEA9-5E18-4B23-950F-CAC0E34A2F1D}.Release|Any CPU.Build.0 = Release|Any CPU
		{FFD65393-61AB-4B9F-9762-0014659B4B78}.Debug|Any CPU.ActiveCfg = Debug|Any CPU
		{FFD65393-61AB-4B9F-9762-0014659B4B78}.Debug|Any CPU.Build.0 = Debug|Any CPU
		{FFD65393-61AB-4B9F-9762-0014659B4B78}.Release|Any CPU.ActiveCfg = Release|Any CPU
		{FFD65393-61AB-4B9F-9762-0014659B4B78}.Release|Any CPU.Build.0 = Release|Any CPU
		{62539906-8AC0-4F7F-9F2F-267DB84B2789}.Debug|Any CPU.ActiveCfg = Debug|Any CPU
		{62539906-8AC0-4F7F-9F2F-267DB84B2789}.Debug|Any CPU.Build.0 = Debug|Any CPU
		{62539906-8AC0-4F7F-9F2F-267DB84B2789}.Release|Any CPU.ActiveCfg = Release|Any CPU
		{62539906-8AC0-4F7F-9F2F-267DB84B2789}.Release|Any CPU.Build.0 = Release|Any CPU
		{9FD95507-1225-41E0-AD8E-EC84E1E1AA35}.Debug|Any CPU.ActiveCfg = Debug|Any CPU
		{9FD95507-1225-41E0-AD8E-EC84E1E1AA35}.Debug|Any CPU.Build.0 = Debug|Any CPU
		{9FD95507-1225-41E0-AD8E-EC84E1E1AA35}.Release|Any CPU.ActiveCfg = Release|Any CPU
		{9FD95507-1225-41E0-AD8E-EC84E1E1AA35}.Release|Any CPU.Build.0 = Release|Any CPU
		{7CEB7487-A461-410F-9336-780DD6A319C1}.Debug|Any CPU.ActiveCfg = Debug|Any CPU
		{7CEB7487-A461-410F-9336-780DD6A319C1}.Debug|Any CPU.Build.0 = Debug|Any CPU
		{7CEB7487-A461-410F-9336-780DD6A319C1}.Release|Any CPU.ActiveCfg = Release|Any CPU
		{7CEB7487-A461-410F-9336-780DD6A319C1}.Release|Any CPU.Build.0 = Release|Any CPU
		{B5FB7663-7D66-439B-866A-ECC27DA29079}.Debug|Any CPU.ActiveCfg = Debug|Any CPU
		{B5FB7663-7D66-439B-866A-ECC27DA29079}.Debug|Any CPU.Build.0 = Debug|Any CPU
		{B5FB7663-7D66-439B-866A-ECC27DA29079}.Release|Any CPU.ActiveCfg = Release|Any CPU
		{B5FB7663-7D66-439B-866A-ECC27DA29079}.Release|Any CPU.Build.0 = Release|Any CPU
		{D3177C53-FFF3-432A-AE35-2AB870E644B4}.Debug|Any CPU.ActiveCfg = Debug|Any CPU
		{D3177C53-FFF3-432A-AE35-2AB870E644B4}.Debug|Any CPU.Build.0 = Debug|Any CPU
		{D3177C53-FFF3-432A-AE35-2AB870E644B4}.Release|Any CPU.ActiveCfg = Release|Any CPU
		{D3177C53-FFF3-432A-AE35-2AB870E644B4}.Release|Any CPU.Build.0 = Release|Any CPU
		{97DE52C7-0B86-43E6-B046-BF5E7B9A7B8D}.Debug|Any CPU.ActiveCfg = Debug|Any CPU
		{97DE52C7-0B86-43E6-B046-BF5E7B9A7B8D}.Debug|Any CPU.Build.0 = Debug|Any CPU
		{97DE52C7-0B86-43E6-B046-BF5E7B9A7B8D}.Release|Any CPU.ActiveCfg = Release|Any CPU
		{97DE52C7-0B86-43E6-B046-BF5E7B9A7B8D}.Release|Any CPU.Build.0 = Release|Any CPU
		{6F399584-B25A-4F10-8838-A65C7BDC737F}.Debug|Any CPU.ActiveCfg = Debug|Any CPU
		{6F399584-B25A-4F10-8838-A65C7BDC737F}.Debug|Any CPU.Build.0 = Debug|Any CPU
		{6F399584-B25A-4F10-8838-A65C7BDC737F}.Release|Any CPU.ActiveCfg = Release|Any CPU
		{6F399584-B25A-4F10-8838-A65C7BDC737F}.Release|Any CPU.Build.0 = Release|Any CPU
		{0C66B179-B65C-425E-B28E-36F03A1DA4C4}.Debug|Any CPU.ActiveCfg = Debug|Any CPU
		{0C66B179-B65C-425E-B28E-36F03A1DA4C4}.Debug|Any CPU.Build.0 = Debug|Any CPU
		{0C66B179-B65C-425E-B28E-36F03A1DA4C4}.Release|Any CPU.ActiveCfg = Release|Any CPU
		{0C66B179-B65C-425E-B28E-36F03A1DA4C4}.Release|Any CPU.Build.0 = Release|Any CPU
		{B69D2514-586E-4E9C-9E2C-D9191754393B}.Debug|Any CPU.ActiveCfg = Debug|Any CPU
		{B69D2514-586E-4E9C-9E2C-D9191754393B}.Debug|Any CPU.Build.0 = Debug|Any CPU
		{B69D2514-586E-4E9C-9E2C-D9191754393B}.Release|Any CPU.ActiveCfg = Release|Any CPU
		{B69D2514-586E-4E9C-9E2C-D9191754393B}.Release|Any CPU.Build.0 = Release|Any CPU
		{EBC6E341-9362-44A1-8979-D041EAEF15B2}.Debug|Any CPU.ActiveCfg = Debug|Any CPU
		{EBC6E341-9362-44A1-8979-D041EAEF15B2}.Debug|Any CPU.Build.0 = Debug|Any CPU
		{EBC6E341-9362-44A1-8979-D041EAEF15B2}.Release|Any CPU.ActiveCfg = Release|Any CPU
		{EBC6E341-9362-44A1-8979-D041EAEF15B2}.Release|Any CPU.Build.0 = Release|Any CPU
		{20C8B149-A9E3-4105-8074-A4CBE4691BAE}.Debug|Any CPU.ActiveCfg = Debug|Any CPU
		{20C8B149-A9E3-4105-8074-A4CBE4691BAE}.Debug|Any CPU.Build.0 = Debug|Any CPU
		{20C8B149-A9E3-4105-8074-A4CBE4691BAE}.Release|Any CPU.ActiveCfg = Release|Any CPU
		{20C8B149-A9E3-4105-8074-A4CBE4691BAE}.Release|Any CPU.Build.0 = Release|Any CPU
		{458F102A-7BFD-4DBB-B036-61AAE8A081E2}.Debug|Any CPU.ActiveCfg = Debug|Any CPU
		{458F102A-7BFD-4DBB-B036-61AAE8A081E2}.Debug|Any CPU.Build.0 = Debug|Any CPU
		{458F102A-7BFD-4DBB-B036-61AAE8A081E2}.Release|Any CPU.ActiveCfg = Release|Any CPU
		{458F102A-7BFD-4DBB-B036-61AAE8A081E2}.Release|Any CPU.Build.0 = Release|Any CPU
		{9EA5AE42-4A78-4D73-A9A3-29EDD88A18F6}.Debug|Any CPU.ActiveCfg = Debug|Any CPU
		{9EA5AE42-4A78-4D73-A9A3-29EDD88A18F6}.Debug|Any CPU.Build.0 = Debug|Any CPU
		{9EA5AE42-4A78-4D73-A9A3-29EDD88A18F6}.Release|Any CPU.ActiveCfg = Release|Any CPU
		{9EA5AE42-4A78-4D73-A9A3-29EDD88A18F6}.Release|Any CPU.Build.0 = Release|Any CPU
		{043D82CE-DE0D-4C15-A0B8-09809B28B543}.Debug|Any CPU.ActiveCfg = Debug|Any CPU
		{043D82CE-DE0D-4C15-A0B8-09809B28B543}.Debug|Any CPU.Build.0 = Debug|Any CPU
		{043D82CE-DE0D-4C15-A0B8-09809B28B543}.Release|Any CPU.ActiveCfg = Release|Any CPU
		{043D82CE-DE0D-4C15-A0B8-09809B28B543}.Release|Any CPU.Build.0 = Release|Any CPU
		{344EEF76-9D81-49D3-9EB5-1F629EDFBD14}.Debug|Any CPU.ActiveCfg = Debug|Any CPU
		{344EEF76-9D81-49D3-9EB5-1F629EDFBD14}.Debug|Any CPU.Build.0 = Debug|Any CPU
		{344EEF76-9D81-49D3-9EB5-1F629EDFBD14}.Release|Any CPU.ActiveCfg = Release|Any CPU
		{344EEF76-9D81-49D3-9EB5-1F629EDFBD14}.Release|Any CPU.Build.0 = Release|Any CPU
		{D0D60A2C-7329-46AE-9229-AF73D7CE1058}.Debug|Any CPU.ActiveCfg = Debug|Any CPU
		{D0D60A2C-7329-46AE-9229-AF73D7CE1058}.Debug|Any CPU.Build.0 = Debug|Any CPU
		{D0D60A2C-7329-46AE-9229-AF73D7CE1058}.Release|Any CPU.ActiveCfg = Release|Any CPU
		{D0D60A2C-7329-46AE-9229-AF73D7CE1058}.Release|Any CPU.Build.0 = Release|Any CPU
		{FC6A0595-BB07-4987-8205-C2A57345199D}.Debug|Any CPU.ActiveCfg = Debug|Any CPU
		{FC6A0595-BB07-4987-8205-C2A57345199D}.Debug|Any CPU.Build.0 = Debug|Any CPU
		{FC6A0595-BB07-4987-8205-C2A57345199D}.Release|Any CPU.ActiveCfg = Release|Any CPU
		{FC6A0595-BB07-4987-8205-C2A57345199D}.Release|Any CPU.Build.0 = Release|Any CPU
		{DEDE273F-5CF8-4954-B350-74C0D95BE2C3}.Debug|Any CPU.ActiveCfg = Debug|Any CPU
		{DEDE273F-5CF8-4954-B350-74C0D95BE2C3}.Debug|Any CPU.Build.0 = Debug|Any CPU
		{DEDE273F-5CF8-4954-B350-74C0D95BE2C3}.Release|Any CPU.ActiveCfg = Release|Any CPU
		{DEDE273F-5CF8-4954-B350-74C0D95BE2C3}.Release|Any CPU.Build.0 = Release|Any CPU
		{2AA84762-09B1-4BC4-BB41-DCE0E7C45E53}.Debug|Any CPU.ActiveCfg = Debug|Any CPU
		{2AA84762-09B1-4BC4-BB41-DCE0E7C45E53}.Debug|Any CPU.Build.0 = Debug|Any CPU
		{2AA84762-09B1-4BC4-BB41-DCE0E7C45E53}.Release|Any CPU.ActiveCfg = Release|Any CPU
		{2AA84762-09B1-4BC4-BB41-DCE0E7C45E53}.Release|Any CPU.Build.0 = Release|Any CPU
		{0F78A43F-CDDB-4310-A7B9-AAAB16E53261}.Debug|Any CPU.ActiveCfg = Debug|Any CPU
		{0F78A43F-CDDB-4310-A7B9-AAAB16E53261}.Debug|Any CPU.Build.0 = Debug|Any CPU
		{0F78A43F-CDDB-4310-A7B9-AAAB16E53261}.Release|Any CPU.ActiveCfg = Release|Any CPU
		{0F78A43F-CDDB-4310-A7B9-AAAB16E53261}.Release|Any CPU.Build.0 = Release|Any CPU
		{8C4D8881-9960-4E92-BCBB-B4C1F0A56E5F}.Debug|Any CPU.ActiveCfg = Debug|Any CPU
		{8C4D8881-9960-4E92-BCBB-B4C1F0A56E5F}.Debug|Any CPU.Build.0 = Debug|Any CPU
		{8C4D8881-9960-4E92-BCBB-B4C1F0A56E5F}.Release|Any CPU.ActiveCfg = Release|Any CPU
		{8C4D8881-9960-4E92-BCBB-B4C1F0A56E5F}.Release|Any CPU.Build.0 = Release|Any CPU
		{4DC761EE-6579-4030-97B9-0558A2A44A3F}.Debug|Any CPU.ActiveCfg = Debug|Any CPU
		{4DC761EE-6579-4030-97B9-0558A2A44A3F}.Debug|Any CPU.Build.0 = Debug|Any CPU
		{4DC761EE-6579-4030-97B9-0558A2A44A3F}.Release|Any CPU.ActiveCfg = Release|Any CPU
		{4DC761EE-6579-4030-97B9-0558A2A44A3F}.Release|Any CPU.Build.0 = Release|Any CPU
	EndGlobalSection
	GlobalSection(SolutionProperties) = preSolution
		HideSolutionNode = FALSE
	EndGlobalSection
	GlobalSection(NestedProjects) = preSolution
		{91C4CEA9-5E18-4B23-950F-CAC0E34A2F1D} = {2365079F-BDCB-455D-BEB4-9C5D270B2E7A}
		{FFD65393-61AB-4B9F-9762-0014659B4B78} = {2365079F-BDCB-455D-BEB4-9C5D270B2E7A}
		{62539906-8AC0-4F7F-9F2F-267DB84B2789} = {2365079F-BDCB-455D-BEB4-9C5D270B2E7A}
		{B5FB7663-7D66-439B-866A-ECC27DA29079} = {2365079F-BDCB-455D-BEB4-9C5D270B2E7A}
		{9EA5AE42-4A78-4D73-A9A3-29EDD88A18F6} = {DDC1E0CB-8182-454A-8B2B-2F2CF9A2059B}
		{043D82CE-DE0D-4C15-A0B8-09809B28B543} = {DDC1E0CB-8182-454A-8B2B-2F2CF9A2059B}
		{344EEF76-9D81-49D3-9EB5-1F629EDFBD14} = {DDC1E0CB-8182-454A-8B2B-2F2CF9A2059B}
		{D0D60A2C-7329-46AE-9229-AF73D7CE1058} = {DDC1E0CB-8182-454A-8B2B-2F2CF9A2059B}
		{FC6A0595-BB07-4987-8205-C2A57345199D} = {2365079F-BDCB-455D-BEB4-9C5D270B2E7A}
		{DEDE273F-5CF8-4954-B350-74C0D95BE2C3} = {2365079F-BDCB-455D-BEB4-9C5D270B2E7A}
		{2AA84762-09B1-4BC4-BB41-DCE0E7C45E53} = {2365079F-BDCB-455D-BEB4-9C5D270B2E7A}
		{0F78A43F-CDDB-4310-A7B9-AAAB16E53261} = {2365079F-BDCB-455D-BEB4-9C5D270B2E7A}
		{8C4D8881-9960-4E92-BCBB-B4C1F0A56E5F} = {2365079F-BDCB-455D-BEB4-9C5D270B2E7A}
		{4DC761EE-6579-4030-97B9-0558A2A44A3F} = {2365079F-BDCB-455D-BEB4-9C5D270B2E7A}
	EndGlobalSection
	GlobalSection(ExtensibilityGlobals) = postSolution
		SolutionGuid = {3B766B89-B32C-4777-9290-8BF7CEC401B5}
	EndGlobalSection
EndGlobal
