
Microsoft Visual Studio Solution File, Format Version 12.00
# Visual Studio Version 17
VisualStudioVersion = 17.0
MinimumVisualStudioVersion = 10.0.40219.1
Project("{2150E333-8FDC-42A3-9474-1A3956D46DE8}") = "Projektmappenelemente", "Projektmappenelemente", "{658BD492-33FF-4995-AAE7-4F6894E92F0C}"
	ProjectSection(SolutionItems) = preProject
		ReadMe.md = ReadMe.md
		WPF_Samples.props = WPF_Samples.props
		WPF_Samples_net.props = WPF_Samples_net.props
	EndProjectSection
EndProject
Project("{9A19103F-16F7-4668-BE54-9A1E7A4F7556}") = "MVVM_BaseLib", "..\Libraries\MVVM_BaseLib\MVVM_BaseLib.csproj", "{890CF504-3814-443B-9EE6-E8BCACF68203}"
EndProject
Project("{2150E333-8FDC-42A3-9474-1A3956D46DE8}") = "Libraries", "Libraries", "{AF041458-CF94-4D6D-BB0F-8BC50F4F099C}"
	ProjectSection(SolutionItems) = preProject
		..\Libraries\Libraries_net.props = ..\Libraries\Libraries_net.props
	EndProjectSection
EndProject
Project("{9A19103F-16F7-4668-BE54-9A1E7A4F7556}") = "MVVM_BaseLibTests", "..\Libraries\MVVM_BaseLibTests\MVVM_BaseLibTests.csproj", "{66EB60F2-523D-47C8-95EA-C7E10759E239}"
EndProject
Project("{9A19103F-16F7-4668-BE54-9A1E7A4F7556}") = "WPF_Sample_Template", "WPF_Sample_Template\WPF_Sample_Template.csproj", "{CB7EF0A1-7DDF-4FE0-91A4-135C360F33D0}"
EndProject
Project("{9A19103F-16F7-4668-BE54-9A1E7A4F7556}") = "WPF_Sample_Template_net", "WPF_Sample_Template\WPF_Sample_Template_net.csproj", "{269D741A-2A8B-4837-9F43-1E59811E4D7A}"
EndProject
Project("{9A19103F-16F7-4668-BE54-9A1E7A4F7556}") = "WPF_Sample_Template_netTests", "WPF_Sample_TemplateTests\WPF_Sample_Template_netTests.csproj", "{7EA2511D-6B6B-43AC-A526-9DD44236581D}"
EndProject
Project("{9A19103F-16F7-4668-BE54-9A1E7A4F7556}") = "WPF_Sample_TemplateTests", "WPF_Sample_TemplateTests\WPF_Sample_TemplateTests.csproj", "{6FA647A1-01CF-45AF-AEE1-6DD324269365}"
EndProject
Project("{2150E333-8FDC-42A3-9474-1A3956D46DE8}") = "Getting_Started", "Getting_Started", "{511E9A44-5A33-430F-9C8A-5D94488BC4B5}"
EndProject
Project("{9A19103F-16F7-4668-BE54-9A1E7A4F7556}") = "WPF_Hello_World", "WPF_Hello_World\WPF_Hello_World.csproj", "{DFCC0B54-B373-49EC-9D75-7B20EBD43305}"
EndProject
Project("{9A19103F-16F7-4668-BE54-9A1E7A4F7556}") = "WPF_Hello_World_net", "WPF_Hello_World\WPF_Hello_World_net.csproj", "{B9B6ABB5-8E68-4714-A6C7-E7641AAEB172}"
EndProject
Project("{9A19103F-16F7-4668-BE54-9A1E7A4F7556}") = "WPF_Hello_World_netTests", "WPF_Hello_WorldTests\WPF_Hello_World_netTests.csproj", "{0FA0D952-F69C-40A7-B2D5-9C5028A38B1A}"
EndProject
Project("{9A19103F-16F7-4668-BE54-9A1E7A4F7556}") = "WPF_Hello_WorldTests", "WPF_Hello_WorldTests\WPF_Hello_WorldTests.csproj", "{DE7A0F22-760F-4A35-940B-2D8BE0430480}"
EndProject
Project("{9A19103F-16F7-4668-BE54-9A1E7A4F7556}") = "WPF_Complex_Layout", "WPF_Complex_Layout\WPF_Complex_Layout.csproj", "{D334A0FC-4F75-4087-83B4-28DAE673419C}"
EndProject
Project("{9A19103F-16F7-4668-BE54-9A1E7A4F7556}") = "WPF_Complex_Layout_net", "WPF_Complex_Layout\WPF_Complex_Layout_net.csproj", "{6F511E7C-EA14-466D-AB9B-FD554B5B4642}"
EndProject
Project("{9A19103F-16F7-4668-BE54-9A1E7A4F7556}") = "WPF_Complex_Layout_netTests", "WPF_Complex_LayoutTests\WPF_Complex_Layout_netTests.csproj", "{38229DB9-8772-4273-8573-3551FE0ED079}"
EndProject
Project("{9A19103F-16F7-4668-BE54-9A1E7A4F7556}") = "WPF_Complex_LayoutTests", "WPF_Complex_LayoutTests\WPF_Complex_LayoutTests.csproj", "{54D7291C-D2DF-4FDB-98F8-5DF0D662807C}"
EndProject
Global
	GlobalSection(SolutionConfigurationPlatforms) = preSolution
		Debug|Any CPU = Debug|Any CPU
		Release|Any CPU = Release|Any CPU
	EndGlobalSection
	GlobalSection(ProjectConfigurationPlatforms) = postSolution
		{890CF504-3814-443B-9EE6-E8BCACF68203}.Debug|Any CPU.ActiveCfg = Debug|Any CPU
		{890CF504-3814-443B-9EE6-E8BCACF68203}.Debug|Any CPU.Build.0 = Debug|Any CPU
		{890CF504-3814-443B-9EE6-E8BCACF68203}.Release|Any CPU.ActiveCfg = Release|Any CPU
		{890CF504-3814-443B-9EE6-E8BCACF68203}.Release|Any CPU.Build.0 = Release|Any CPU
		{66EB60F2-523D-47C8-95EA-C7E10759E239}.Debug|Any CPU.ActiveCfg = Debug|Any CPU
		{66EB60F2-523D-47C8-95EA-C7E10759E239}.Debug|Any CPU.Build.0 = Debug|Any CPU
		{66EB60F2-523D-47C8-95EA-C7E10759E239}.Release|Any CPU.ActiveCfg = Release|Any CPU
		{66EB60F2-523D-47C8-95EA-C7E10759E239}.Release|Any CPU.Build.0 = Release|Any CPU
		{CB7EF0A1-7DDF-4FE0-91A4-135C360F33D0}.Debug|Any CPU.ActiveCfg = Debug|Any CPU
		{CB7EF0A1-7DDF-4FE0-91A4-135C360F33D0}.Debug|Any CPU.Build.0 = Debug|Any CPU
		{CB7EF0A1-7DDF-4FE0-91A4-135C360F33D0}.Release|Any CPU.ActiveCfg = Release|Any CPU
		{CB7EF0A1-7DDF-4FE0-91A4-135C360F33D0}.Release|Any CPU.Build.0 = Release|Any CPU
		{269D741A-2A8B-4837-9F43-1E59811E4D7A}.Debug|Any CPU.ActiveCfg = Debug|Any CPU
		{269D741A-2A8B-4837-9F43-1E59811E4D7A}.Debug|Any CPU.Build.0 = Debug|Any CPU
		{269D741A-2A8B-4837-9F43-1E59811E4D7A}.Release|Any CPU.ActiveCfg = Release|Any CPU
		{269D741A-2A8B-4837-9F43-1E59811E4D7A}.Release|Any CPU.Build.0 = Release|Any CPU
		{7EA2511D-6B6B-43AC-A526-9DD44236581D}.Debug|Any CPU.ActiveCfg = Debug|Any CPU
		{7EA2511D-6B6B-43AC-A526-9DD44236581D}.Debug|Any CPU.Build.0 = Debug|Any CPU
		{7EA2511D-6B6B-43AC-A526-9DD44236581D}.Release|Any CPU.ActiveCfg = Release|Any CPU
		{7EA2511D-6B6B-43AC-A526-9DD44236581D}.Release|Any CPU.Build.0 = Release|Any CPU
		{6FA647A1-01CF-45AF-AEE1-6DD324269365}.Debug|Any CPU.ActiveCfg = Debug|Any CPU
		{6FA647A1-01CF-45AF-AEE1-6DD324269365}.Debug|Any CPU.Build.0 = Debug|Any CPU
		{6FA647A1-01CF-45AF-AEE1-6DD324269365}.Release|Any CPU.ActiveCfg = Release|Any CPU
		{6FA647A1-01CF-45AF-AEE1-6DD324269365}.Release|Any CPU.Build.0 = Release|Any CPU
		{DFCC0B54-B373-49EC-9D75-7B20EBD43305}.Debug|Any CPU.ActiveCfg = Debug|Any CPU
		{DFCC0B54-B373-49EC-9D75-7B20EBD43305}.Debug|Any CPU.Build.0 = Debug|Any CPU
		{DFCC0B54-B373-49EC-9D75-7B20EBD43305}.Release|Any CPU.ActiveCfg = Release|Any CPU
		{DFCC0B54-B373-49EC-9D75-7B20EBD43305}.Release|Any CPU.Build.0 = Release|Any CPU
		{B9B6ABB5-8E68-4714-A6C7-E7641AAEB172}.Debug|Any CPU.ActiveCfg = Debug|Any CPU
		{B9B6ABB5-8E68-4714-A6C7-E7641AAEB172}.Debug|Any CPU.Build.0 = Debug|Any CPU
		{B9B6ABB5-8E68-4714-A6C7-E7641AAEB172}.Release|Any CPU.ActiveCfg = Release|Any CPU
		{B9B6ABB5-8E68-4714-A6C7-E7641AAEB172}.Release|Any CPU.Build.0 = Release|Any CPU
		{0FA0D952-F69C-40A7-B2D5-9C5028A38B1A}.Debug|Any CPU.ActiveCfg = Debug|Any CPU
		{0FA0D952-F69C-40A7-B2D5-9C5028A38B1A}.Debug|Any CPU.Build.0 = Debug|Any CPU
		{0FA0D952-F69C-40A7-B2D5-9C5028A38B1A}.Release|Any CPU.ActiveCfg = Release|Any CPU
		{0FA0D952-F69C-40A7-B2D5-9C5028A38B1A}.Release|Any CPU.Build.0 = Release|Any CPU
		{DE7A0F22-760F-4A35-940B-2D8BE0430480}.Debug|Any CPU.ActiveCfg = Debug|Any CPU
		{DE7A0F22-760F-4A35-940B-2D8BE0430480}.Debug|Any CPU.Build.0 = Debug|Any CPU
		{DE7A0F22-760F-4A35-940B-2D8BE0430480}.Release|Any CPU.ActiveCfg = Release|Any CPU
		{DE7A0F22-760F-4A35-940B-2D8BE0430480}.Release|Any CPU.Build.0 = Release|Any CPU
		{D334A0FC-4F75-4087-83B4-28DAE673419C}.Debug|Any CPU.ActiveCfg = Debug|Any CPU
		{D334A0FC-4F75-4087-83B4-28DAE673419C}.Debug|Any CPU.Build.0 = Debug|Any CPU
		{D334A0FC-4F75-4087-83B4-28DAE673419C}.Release|Any CPU.ActiveCfg = Release|Any CPU
		{D334A0FC-4F75-4087-83B4-28DAE673419C}.Release|Any CPU.Build.0 = Release|Any CPU
		{6F511E7C-EA14-466D-AB9B-FD554B5B4642}.Debug|Any CPU.ActiveCfg = Debug|Any CPU
		{6F511E7C-EA14-466D-AB9B-FD554B5B4642}.Debug|Any CPU.Build.0 = Debug|Any CPU
		{6F511E7C-EA14-466D-AB9B-FD554B5B4642}.Release|Any CPU.ActiveCfg = Release|Any CPU
		{6F511E7C-EA14-466D-AB9B-FD554B5B4642}.Release|Any CPU.Build.0 = Release|Any CPU
		{38229DB9-8772-4273-8573-3551FE0ED079}.Debug|Any CPU.ActiveCfg = Debug|Any CPU
		{38229DB9-8772-4273-8573-3551FE0ED079}.Debug|Any CPU.Build.0 = Debug|Any CPU
		{38229DB9-8772-4273-8573-3551FE0ED079}.Release|Any CPU.ActiveCfg = Release|Any CPU
		{38229DB9-8772-4273-8573-3551FE0ED079}.Release|Any CPU.Build.0 = Release|Any CPU
		{54D7291C-D2DF-4FDB-98F8-5DF0D662807C}.Debug|Any CPU.ActiveCfg = Debug|Any CPU
		{54D7291C-D2DF-4FDB-98F8-5DF0D662807C}.Debug|Any CPU.Build.0 = Debug|Any CPU
		{54D7291C-D2DF-4FDB-98F8-5DF0D662807C}.Release|Any CPU.ActiveCfg = Release|Any CPU
		{54D7291C-D2DF-4FDB-98F8-5DF0D662807C}.Release|Any CPU.Build.0 = Release|Any CPU
	EndGlobalSection
	GlobalSection(SolutionProperties) = preSolution
		HideSolutionNode = FALSE
	EndGlobalSection
	GlobalSection(NestedProjects) = preSolution
		{890CF504-3814-443B-9EE6-E8BCACF68203} = {AF041458-CF94-4D6D-BB0F-8BC50F4F099C}
		{66EB60F2-523D-47C8-95EA-C7E10759E239} = {AF041458-CF94-4D6D-BB0F-8BC50F4F099C}
		{DFCC0B54-B373-49EC-9D75-7B20EBD43305} = {511E9A44-5A33-430F-9C8A-5D94488BC4B5}
		{B9B6ABB5-8E68-4714-A6C7-E7641AAEB172} = {511E9A44-5A33-430F-9C8A-5D94488BC4B5}
		{0FA0D952-F69C-40A7-B2D5-9C5028A38B1A} = {511E9A44-5A33-430F-9C8A-5D94488BC4B5}
		{DE7A0F22-760F-4A35-940B-2D8BE0430480} = {511E9A44-5A33-430F-9C8A-5D94488BC4B5}
		{D334A0FC-4F75-4087-83B4-28DAE673419C} = {511E9A44-5A33-430F-9C8A-5D94488BC4B5}
		{6F511E7C-EA14-466D-AB9B-FD554B5B4642} = {511E9A44-5A33-430F-9C8A-5D94488BC4B5}
		{38229DB9-8772-4273-8573-3551FE0ED079} = {511E9A44-5A33-430F-9C8A-5D94488BC4B5}
		{54D7291C-D2DF-4FDB-98F8-5DF0D662807C} = {511E9A44-5A33-430F-9C8A-5D94488BC4B5}
	EndGlobalSection
	GlobalSection(ExtensibilityGlobals) = postSolution
		SolutionGuid = {538D0F12-3E9F-4868-8689-63796F14BD11}
	EndGlobalSection
EndGlobal
