
Microsoft Visual Studio Solution File, Format Version 12.00
# Visual Studio Version 17
VisualStudioVersion = 17.8.34525.116
MinimumVisualStudioVersion = 10.0.40219.1
Project("{9A19103F-16F7-4668-BE54-9A1E7A4F7556}") = "BlazorWasmDocker", "BlazorWasmDocker\BlazorWasmDocker.csproj", "{12BCA2E0-3BD5-42A0-AFA6-CE8B21E901E0}"
EndProject
Global
	GlobalSection(SolutionConfigurationPlatforms) = preSolution
		Debug|Any CPU = Debug|Any CPU
		Release|Any CPU = Release|Any CPU
	EndGlobalSection
	GlobalSection(ProjectConfigurationPlatforms) = postSolution
		{12BCA2E0-3BD5-42A0-AFA6-CE8B21E901E0}.Debug|Any CPU.ActiveCfg = Debug|Any CPU
		{12BCA2E0-3BD5-42A0-AFA6-CE8B21E901E0}.Debug|Any CPU.Build.0 = Debug|Any CPU
		{12BCA2E0-3BD5-42A0-AFA6-CE8B21E901E0}.Release|Any CPU.ActiveCfg = Release|Any CPU
		{12BCA2E0-3BD5-42A0-AFA6-CE8B21E901E0}.Release|Any CPU.Build.0 = Release|Any CPU
	EndGlobalSection
	GlobalSection(SolutionProperties) = preSolution
		HideSolutionNode = FALSE
	EndGlobalSection
	GlobalSection(ExtensibilityGlobals) = postSolution
		SolutionGuid = {97A25263-4A48-4CDF-8C78-6B4C9A0886A4}
	EndGlobalSection
EndGlobal
